PODS:
  - Alamofire (5.8.1)
  - AnyImageKit (0.17.0):
    - AnyImageKit/Capture (= 0.17.0)
    - AnyImageKit/Core (= 0.17.0)
    - AnyImageKit/Editor (= 0.17.0)
    - AnyImageKit/Picker (= 0.17.0)
  - AnyImageKit/Capture (0.17.0):
    - AnyImageKit/Core
  - AnyImageKit/Core (0.17.0):
    - Kingfisher
    - SnapKit
  - AnyImageKit/Editor (0.17.0):
    - AnyImageKit/Core
  - AnyImageKit/Picker (0.17.0):
    - AnyImageKit/Core
  - AttributedString (3.3.5)
  - Brightroom/Engine (2.8.0):
    - Verge/Store (>= 8.19.0)
  - Brightroom/UI-Classic (2.8.0):
    - Brightroom/Engine
    - TransitionPatch
    - Verge/Store (>= 8.19.0)
  - Brightroom/UI-Crop (2.8.0):
    - Brightroom/Engine
    - Verge/Store (>= 8.19.0)
  - BRPickerView (2.8.1):
    - BRPickerView/AddressPickerView (= 2.8.1)
    - BRPickerView/Base (= 2.8.1)
    - BRPickerView/DatePickerView (= 2.8.1)
    - BRPickerView/StringPickerView (= 2.8.1)
  - BRPickerView/AddressPickerView (2.8.1):
    - BRPickerView/Base
  - BRPickerView/Base (2.8.1)
  - BRPickerView/DatePickerView (2.8.1):
    - BRPickerView/Base
  - BRPickerView/StringPickerView (2.8.1):
    - BRPickerView/Base
  - Bugly (2.5.93)
  - ChromaColorPicker (2.0.2)
  - CocoaLumberjack/Core (3.8.2)
  - CocoaLumberjack/Swift (3.8.2):
    - CocoaLumberjack/Core
  - CRBoxInputView (1.2.2):
    - Masonry
  - DeviceKit (5.1.0)
  - DZNEmptyDataSet (1.8.1)
  - EmptyDataSet-Swift (5.0.0)
  - FDFullscreenPopGesture (1.1)
  - FLEX (5.22.10)
  - FloatingPanel (2.8.0)
  - FluentDarkModeKit (1.0.4)
  - GCDWebServer (3.5.4):
    - GCDWebServer/Core (= 3.5.4)
  - GCDWebServer/Core (3.5.4)
  - GCDWebServer/WebUploader (3.5.4):
    - GCDWebServer/Core
  - HandyJSON (5.0.2)
  - HyperioniOS/AttributesInspector (1.2.0):
    - HyperioniOS/Core
  - HyperioniOS/Core (1.2.0)
  - HyperioniOS/Measurements (1.2.0):
    - HyperioniOS/Core
  - HyperioniOS/SlowAnimations (1.2.0):
    - HyperioniOS/Core
  - InAppViewDebugger (1.0.3)
  - Instructions (2.3.0)
  - IQKeyboardManager (6.5.16)
  - JXPagingView/Paging (2.1.2)
  - JXSegmentedView (1.3.0)
  - KakaJSON (1.1.2)
  - KDCircularProgress (1.5.4)
  - Kingfisher (7.10.0)
  - LifetimeTracker (1.8.1)
  - LookinServer (1.2.3):
    - LookinServer/Core (= 1.2.3)
  - LookinServer/Core (1.2.3)
  - LXFProtocolTool/LXFEmptyDataSetable (0.2.0):
    - DZNEmptyDataSet (~> 1.8.1)
  - MarqueeLabel (4.3.2)
  - Masonry (1.1.0)
  - MBProgressHUD (1.2.0)
  - MJExtension (3.4.1)
  - NotificationBannerSwift (3.2.1):
    - MarqueeLabel (~> 4.3.0)
    - SnapKit (~> 5.6.0)
  - PhoneNumberKit (3.7.4):
    - PhoneNumberKit/PhoneNumberKitCore (= 3.7.4)
    - PhoneNumberKit/UIKit (= 3.7.4)
  - PhoneNumberKit/PhoneNumberKitCore (3.7.4)
  - PhoneNumberKit/UIKit (3.7.4):
    - PhoneNumberKit/PhoneNumberKitCore
  - PooTools/CheckUpdate (3.15.7):
    - PooTools/NetWork
  - PooTools/ColorPicker (3.15.7):
    - ChromaColorPicker
    - PooTools/Core
  - PooTools/Core (3.15.7):
    - AttributedString
    - CocoaLumberjack/Swift
    - DeviceKit
    - FDFullscreenPopGesture
    - FluentDarkModeKit
    - IQKeyboardManager
    - Kingfisher
    - pop
    - SnapKit
    - SwiftDate
    - SwifterSwift
    - UIColor_Hex_Swift
    - "UIViewController+Swizzled"
    - WZLBadge
    - YYText
  - PooTools/DarkModeSetting (3.15.7):
    - PooTools/Core
  - PooTools/DEBUG (3.15.7):
    - PooTools/Core
  - PooTools/FloatPanel (3.15.7):
    - FloatingPanel
    - PooTools/Core
  - PooTools/GCDWebServer (3.15.7):
    - GCDWebServer
    - GCDWebServer/WebUploader
    - PooTools/Core
  - PooTools/ImagePicker (3.15.7):
    - AnyImageKit
    - PooTools/Core
  - PooTools/Input (3.15.7):
    - CRBoxInputView
    - PhoneNumberKit
    - PooTools/Core
    - TextFieldEffects
    - "UITextField+Shake"
  - PooTools/Instructions (3.15.7):
    - Instructions
    - PooTools/Core
  - PooTools/LanguageSetting (3.15.7):
    - PooTools/Core
  - PooTools/ListEmptyData (3.15.7):
    - EmptyDataSet-Swift
    - LXFProtocolTool/LXFEmptyDataSetable
    - PooTools/Core
  - PooTools/MediaViewer (3.15.7):
    - PooTools/Core
    - PooTools/NetWork
  - PooTools/NavBarController (3.15.7):
    - PooTools/Core
    - ZXNavigationBar
  - PooTools/NetWork (3.15.7):
    - Alamofire
    - HandyJSON
    - KakaJSON
    - MBProgressHUD
    - MJExtension
    - PooTools/Core
    - SwiftyJSON
  - PooTools/NotificationBanner (3.15.7):
    - NotificationBannerSwift
    - PooTools/Core
  - PooTools/OSSKitSpeech (3.15.7):
    - PooTools/Core
    - PooTools/SpeechRecognizerPermission
  - PooTools/PagingControl (3.15.7):
    - JXPagingView/Paging
    - JXSegmentedView
    - PooTools/Core
  - PooTools/Picker (3.15.7):
    - BRPickerView
    - PooTools/Core
  - PooTools/Slider (3.15.7):
    - PooTools/Core
    - RangeSeekSlider
  - PooTools/SpeechRecognizerPermission (3.15.7):
    - PooTools/Core
  - PooTools/SwipeCell (3.15.7):
    - PooTools/Core
    - SwipeCellKit
  - PooTools/ZipArchive (3.15.7):
    - PooTools/Core
    - SSZipArchive
  - pop (1.0.12)
  - RangeSeekSlider (1.8.0)
  - SnapKit (5.6.0)
  - SSZipArchive (2.4.3)
  - SwiftDate (7.0.0)
  - SwifterSwift (6.0.0):
    - SwifterSwift/AppKit (= 6.0.0)
    - SwifterSwift/Combine (= 6.0.0)
    - SwifterSwift/CoreAnimation (= 6.0.0)
    - SwifterSwift/CoreGraphics (= 6.0.0)
    - SwifterSwift/CoreLocation (= 6.0.0)
    - SwifterSwift/CryptoKit (= 6.0.0)
    - SwifterSwift/Dispatch (= 6.0.0)
    - SwifterSwift/Foundation (= 6.0.0)
    - SwifterSwift/HealthKit (= 6.0.0)
    - SwifterSwift/MapKit (= 6.0.0)
    - SwifterSwift/SceneKit (= 6.0.0)
    - SwifterSwift/SpriteKit (= 6.0.0)
    - SwifterSwift/StoreKit (= 6.0.0)
    - SwifterSwift/SwiftStdlib (= 6.0.0)
    - SwifterSwift/UIKit (= 6.0.0)
    - SwifterSwift/WebKit (= 6.0.0)
  - SwifterSwift/AppKit (6.0.0)
  - SwifterSwift/Combine (6.0.0)
  - SwifterSwift/CoreAnimation (6.0.0)
  - SwifterSwift/CoreGraphics (6.0.0)
  - SwifterSwift/CoreLocation (6.0.0)
  - SwifterSwift/CryptoKit (6.0.0)
  - SwifterSwift/Dispatch (6.0.0)
  - SwifterSwift/Foundation (6.0.0)
  - SwifterSwift/HealthKit (6.0.0)
  - SwifterSwift/MapKit (6.0.0)
  - SwifterSwift/SceneKit (6.0.0)
  - SwifterSwift/SpriteKit (6.0.0)
  - SwifterSwift/StoreKit (6.0.0)
  - SwifterSwift/SwiftStdlib (6.0.0)
  - SwifterSwift/UIKit (6.0.0)
  - SwifterSwift/WebKit (6.0.0)
  - SwiftLint (0.53.0)
  - SwiftSpinner (2.2.0)
  - SwiftyJSON (5.0.1)
  - Swinject (2.8.3)
  - SwipeCellKit (2.7.1)
  - TensorFlowLiteC (2.3.0):
    - TensorFlowLiteC/Core (= 2.3.0)
  - TensorFlowLiteC/Core (2.3.0)
  - TensorFlowLiteC/Metal (2.3.0):
    - TensorFlowLiteC/Core
  - TensorFlowLiteSwift/Core (2.3.0):
    - TensorFlowLiteC (= 2.3.0)
  - TensorFlowLiteSwift/Metal (2.3.0):
    - TensorFlowLiteC/Metal (= 2.3.0)
    - TensorFlowLiteSwift/Core (= 2.3.0)
  - TextFieldEffects (1.6.0)
  - TransitionPatch (1.0.5)
  - UIColor_Hex_Swift (5.1.9)
  - "UITextField+Shake (1.2.1)"
  - "UIViewController+Swizzled (1.4)"
  - Verge/ObjcBridge (8.19.0)
  - Verge/Store (8.19.0):
    - Verge/ObjcBridge
  - WhatsNew (0.4.6)
  - WoodPeckeriOS (1.4.3)
  - WZLBadge (1.2.6)
  - YCSymbolTracker (0.1.3)
  - YYText (1.0.7)
  - ZXNavigationBar (1.4.1)

DEPENDENCIES:
  - Brightroom/Engine
  - Brightroom/UI-Classic
  - Brightroom/UI-Crop
  - Bugly
  - FLEX
  - HyperioniOS/AttributesInspector
  - HyperioniOS/Core
  - HyperioniOS/Measurements
  - HyperioniOS/SlowAnimations
  - InAppViewDebugger
  - KDCircularProgress
  - LifetimeTracker
  - LookinServer
  - PooTools/CheckUpdate (from `https://github.com/crazypoo/PTools.git`)
  - PooTools/ColorPicker (from `https://github.com/crazypoo/PTools.git`)
  - PooTools/Core (from `https://github.com/crazypoo/PTools.git`)
  - PooTools/DarkModeSetting (from `https://github.com/crazypoo/PTools.git`)
  - PooTools/DEBUG (from `https://github.com/crazypoo/PTools.git`)
  - PooTools/FloatPanel (from `https://github.com/crazypoo/PTools.git`)
  - PooTools/GCDWebServer (from `https://github.com/crazypoo/PTools.git`)
  - PooTools/ImagePicker (from `https://github.com/crazypoo/PTools.git`)
  - PooTools/Input (from `https://github.com/crazypoo/PTools.git`)
  - PooTools/Instructions (from `https://github.com/crazypoo/PTools.git`)
  - PooTools/LanguageSetting (from `https://github.com/crazypoo/PTools.git`)
  - PooTools/ListEmptyData (from `https://github.com/crazypoo/PTools.git`)
  - PooTools/MediaViewer (from `https://github.com/crazypoo/PTools.git`)
  - PooTools/NavBarController (from `https://github.com/crazypoo/PTools.git`)
  - PooTools/NetWork (from `https://github.com/crazypoo/PTools.git`)
  - PooTools/NotificationBanner (from `https://github.com/crazypoo/PTools.git`)
  - PooTools/OSSKitSpeech (from `https://github.com/crazypoo/PTools.git`)
  - PooTools/PagingControl (from `https://github.com/crazypoo/PTools.git`)
  - PooTools/Picker (from `https://github.com/crazypoo/PTools.git`)
  - PooTools/Slider (from `https://github.com/crazypoo/PTools.git`)
  - PooTools/SwipeCell (from `https://github.com/crazypoo/PTools.git`)
  - PooTools/ZipArchive (from `https://github.com/crazypoo/PTools.git`)
  - SwiftLint
  - SwiftSpinner
  - Swinject
  - TensorFlowLiteSwift/Metal (~> 2.3.0)
  - WhatsNew
  - WoodPeckeriOS
  - YCSymbolTracker

SPEC REPOS:
  https://github.com/CocoaPods/Specs.git:
    - Alamofire
    - AnyImageKit
    - AttributedString
    - Brightroom
    - BRPickerView
    - Bugly
    - ChromaColorPicker
    - CocoaLumberjack
    - CRBoxInputView
    - DeviceKit
    - DZNEmptyDataSet
    - EmptyDataSet-Swift
    - FDFullscreenPopGesture
    - FLEX
    - FloatingPanel
    - FluentDarkModeKit
    - GCDWebServer
    - HandyJSON
    - HyperioniOS
    - InAppViewDebugger
    - Instructions
    - IQKeyboardManager
    - JXPagingView
    - JXSegmentedView
    - KakaJSON
    - KDCircularProgress
    - Kingfisher
    - LifetimeTracker
    - LookinServer
    - LXFProtocolTool
    - MarqueeLabel
    - Masonry
    - MBProgressHUD
    - MJExtension
    - NotificationBannerSwift
    - PhoneNumberKit
    - pop
    - RangeSeekSlider
    - SnapKit
    - SSZipArchive
    - SwiftDate
    - SwifterSwift
    - SwiftLint
    - SwiftSpinner
    - SwiftyJSON
    - Swinject
    - SwipeCellKit
    - TensorFlowLiteC
    - TensorFlowLiteSwift
    - TextFieldEffects
    - TransitionPatch
    - UIColor_Hex_Swift
    - "UITextField+Shake"
    - "UIViewController+Swizzled"
    - Verge
    - WhatsNew
    - WoodPeckeriOS
    - WZLBadge
    - YCSymbolTracker
    - YYText
    - ZXNavigationBar

EXTERNAL SOURCES:
  PooTools:
    :git: https://github.com/crazypoo/PTools.git

CHECKOUT OPTIONS:
  PooTools:
    :commit: a4cac46885dd9964cd6d7355ab78162b5e5ceafd
    :git: https://github.com/crazypoo/PTools.git

SPEC CHECKSUMS:
  Alamofire: 3ca42e259043ee0dc5c0cdd76c4bc568b8e42af7
  AnyImageKit: 38641ab812a5cdb24ceca8d88d4bc3f484274be1
  AttributedString: 6d2d9d65310119556c3b5c6e4ea8d1ca339b703c
  Brightroom: 458ac052ac38d2f2ff2d7bd990808f6dee450ba4
  BRPickerView: 2531a2d4d0fea0b57a1c738de215af0f88863a2f
  Bugly: b8715e6ec4004b7f7fbffab0643ba80545aee3da
  ChromaColorPicker: 307585f2dc23d4d72f24cad320c1e08825cb5c09
  CocoaLumberjack: f8d89a516e7710fdb2e9b8f1560b16ec6040eef0
  CRBoxInputView: 2380c292aabbf786fe923776f111ba3053438fba
  DeviceKit: bcce5c26d9502e77e3a9fa5d1282877db388d922
  DZNEmptyDataSet: 9525833b9e68ac21c30253e1d3d7076cc828eaa7
  EmptyDataSet-Swift: eb382c0c87a2d9c678077385a595cec52da38171
  FDFullscreenPopGesture: a8a620179e3d9c40e8e00256dcee1c1a27c6d0f0
  FLEX: f21ee4f498eed3f8a1eded66b21939fd3b7a22ce
  FloatingPanel: f585be005983e66f8f4932f93ca46bf9f09dae3a
  FluentDarkModeKit: b6317653a00329564582884772ec57c4eaad1a1f
  GCDWebServer: 2c156a56c8226e2d5c0c3f208a3621ccffbe3ce4
  HandyJSON: 9e4e236f5d2dbefad5155a77417bbea438201c03
  HyperioniOS: 4412ec61a390caadffcaaf3364733b06e103cf63
  InAppViewDebugger: 5f1cd0189d348679f153502da1343ba513b5cbae
  Instructions: 3aac22d036495ba4c40e00747e0a275da40ce53d
  IQKeyboardManager: 024b54d7dcb765c5bc99882cb4d5ea24a8cb7c3c
  JXPagingView: 90924b364a2ff7e94db534fad1fa50925ff69ee4
  JXSegmentedView: fec0d335355b6e019c494fe2e030bde8a36d2df6
  KakaJSON: cc5ff50a8c1cfbb09413db8496cb709a209e6137
  KDCircularProgress: 98200c6b8e85d22bc04eb644721d3b1e12b0686b
  Kingfisher: a18f05d3b6d37d8650ee4a3e61d57a28fc6207f6
  LifetimeTracker: be33b0d89357dd2f381eb8aca636d184b538d5e9
  LookinServer: 535f5d1ffd5823a3b0abaf97ba5c4108bd8cb5ea
  LXFProtocolTool: 8d1e53c010f6941c273b9908be24bfc20d1ce2f2
  MarqueeLabel: 15e524a6762552bb279cb17438b8a94990269fb9
  Masonry: 678fab65091a9290e40e2832a55e7ab731aad201
  MBProgressHUD: 3ee5efcc380f6a79a7cc9b363dd669c5e1ae7406
  MJExtension: 21c5f6f8c4d5d8844b7ae8fbae08fed0b501f961
  NotificationBannerSwift: dce54ded532b26e30cd8e7f4d80e124a0f2ba7d1
  PhoneNumberKit: e3c4dc9f65bc2036639898095c2ab1ef89348f64
  PooTools: 2d1c8ad8073cde926efbb5f0efc5cd0138f393f7
  pop: d582054913807fd11fd50bfe6a539d91c7e1a55a
  RangeSeekSlider: 650b11fa1edcb92e1e0ede797669d98622570fb5
  SnapKit: e01d52ebb8ddbc333eefe2132acf85c8227d9c25
  SSZipArchive: fe6a26b2a54d5a0890f2567b5cc6de5caa600aef
  SwiftDate: bbc26e26fc8c0c33fbee8c140c5e8a68293a148a
  SwifterSwift: 66843dc594f8fb890f5543c22545921d44acc004
  SwiftLint: 5ce4d6a8ff83f1b5fd5ad5dbf30965d35af65e44
  SwiftSpinner: f9b59477fe107427f2b5b835497d6636fa167ede
  SwiftyJSON: 2f33a42c6fbc52764d96f13368585094bfd8aa5e
  Swinject: 893c9a543000ac2f10ee4cbaf0933c6992c935d5
  SwipeCellKit: 3972254a826da74609926daf59b08d6c72e619ea
  TensorFlowLiteC: 51f50caf5777f740a70e2c1a5dbdc149e7aeb50b
  TensorFlowLiteSwift: fb152cc1eec36b25b03a23c07f5d58113170af58
  TextFieldEffects: 529b8aff706fb40f82c41c780c0777941a893796
  TransitionPatch: e401775146cbe326605b7009c7e7442184a444f0
  UIColor_Hex_Swift: 20cb4e8d51b63e168a9da6933bc5d39cd8fb4ab5
  "UITextField+Shake": 298ac5a0f239d731bdab999b19b628c956ca0ac3
  "UIViewController+Swizzled": 1cd9397598ede6930f94fbcac4b43d63c7aa0dbb
  Verge: 5199d7de11162b5568697dabdfab4f83d99d6436
  WhatsNew: d66a52b294e90d5bc133877e270ea7ce0b945003
  WoodPeckeriOS: d76940519d27513155959a659f0d1142b5ccc081
  WZLBadge: 9ec779dcfd94c825518b395e8315fccaabff1bfa
  YCSymbolTracker: e54ceb577959656caa1ec397372de6bc3c46ec0d
  YYText: 5c461d709e24d55a182d1441c41dc639a18a4849
  ZXNavigationBar: a8ceb13fe37f9ca894cf6ae22d805cbdbb9ad6b1

PODFILE CHECKSUM: 3517fa280bc74f76544aea9138ca82f385f18da8

COCOAPODS: 1.14.2
