PODS:
  - Alamofire (5.9.1)
  - AttributedString (3.4.1):
    - AttributedString/Privacy (= 3.4.1)
  - AttributedString/Privacy (3.4.1)
  - BRPickerView (2.8.7):
    - BRPickerView/AddressPickerView (= 2.8.7)
    - BRPickerView/Base (= 2.8.7)
    - BRPickerView/DatePickerView (= 2.8.7)
    - BRPickerView/StringPickerView (= 2.8.7)
  - BRPickerView/AddressPickerView (2.8.7):
    - BRPickerView/Base
  - BRPickerView/Base (2.8.7)
  - BRPickerView/DatePickerView (2.8.7):
    - BRPickerView/Base
  - BRPickerView/StringPickerView (2.8.7):
    - BRPickerView/Base
  - Bugly (2.6.1)
  - ChromaColorPicker (2.0.2)
  - CocoaLumberjack/Core (3.8.5)
  - CocoaLumberjack/Swift (3.8.5):
    - CocoaLumberjack/Core
  - DeviceKit (5.4.0)
  - DZNEmptyDataSet (1.8.1)
  - EmptyDataSet-Swift (5.0.0)
  - FDFullscreenPopGesture (1.1)
  - FLEX (5.22.10)
  - GCDWebServer (3.5.4):
    - GCDWebServer/Core (= 3.5.4)
  - GCDWebServer/Core (3.5.4)
  - GCDWebServer/WebUploader (3.5.4):
    - GCDWebServer/Core
  - Harbeth (1.2.0):
    - Harbeth/Basic (= 1.2.0)
    - Harbeth/Compute (= 1.2.0)
    - Harbeth/CoreImage (= 1.2.0)
    - Harbeth/MPS (= 1.2.0)
    - Harbeth/SwiftUI (= 1.2.0)
  - Harbeth/Basic (1.2.0)
  - Harbeth/Compute (1.2.0):
    - Harbeth/Basic
  - Harbeth/CoreImage (1.2.0):
    - Harbeth/Basic
  - Harbeth/MPS (1.2.0):
    - Harbeth/Basic
  - Harbeth/SwiftUI (1.2.0):
    - Harbeth/Basic
  - HyperioniOS/AttributesInspector (1.2.0):
    - HyperioniOS/Core
  - HyperioniOS/Core (1.2.0)
  - HyperioniOS/Measurements (1.2.0):
    - HyperioniOS/Core
  - HyperioniOS/SlowAnimations (1.2.0):
    - HyperioniOS/Core
  - InAppViewDebugger (1.0.3)
  - Instructions (2.3.0)
  - IQKeyboardManagerSwift (7.0.3)
  - JXPagingView/Paging (2.1.3)
  - JXSegmentedView (1.3.3)
  - KakaJSON (1.1.2)
  - KDCircularProgress (1.5.4)
  - Kingfisher (7.12.0)
  - LifetimeTracker (1.8.3)
  - LookinServer (1.2.8):
    - LookinServer/Core (= 1.2.8)
  - LookinServer/Core (1.2.8)
  - LXFProtocolTool/LXFEmptyDataSetable (0.2.0):
    - DZNEmptyDataSet (~> 1.8.1)
  - MarqueeLabel (4.3.2)
  - NotificationBannerSwift (3.2.1):
    - MarqueeLabel (~> 4.3.0)
    - SnapKit (~> 5.6.0)
  - PhoneNumberKit (3.7.11):
    - PhoneNumberKit/PhoneNumberKitCore (= 3.7.11)
    - PhoneNumberKit/UIKit (= 3.7.11)
  - PhoneNumberKit/PhoneNumberKitCore (3.7.11)
  - PhoneNumberKit/UIKit (3.7.11):
    - PhoneNumberKit/PhoneNumberKitCore
  - PooTools/CameraPermission (3.54.15):
    - PooTools/Core
  - PooTools/CheckUpdate (3.54.15):
    - PooTools/NetWork
  - PooTools/ColorPicker (3.54.15):
    - ChromaColorPicker
    - PooTools/Core
  - PooTools/Core (3.54.15):
    - AttributedString
    - CocoaLumberjack/Swift
    - DeviceKit
    - FDFullscreenPopGesture
    - IQKeyboardManagerSwift
    - Kingfisher
    - pop
    - SafeSFSymbols
    - SnapKit
    - SwiftDate
    - SwifterSwift
    - UIColor_Hex_Swift
    - "UIViewController+Swizzled"
    - YYText
  - PooTools/CustomerLabel (3.54.15):
    - PooTools/Core
    - YYText
  - PooTools/DEBUG (3.54.15):
    - PooTools/ColorPicker
    - PooTools/Core
    - PooTools/FloatingPanel
    - PooTools/NetWork
    - PooTools/PDF
    - PooTools/SearchBar
    - PooTools/Share
    - PooTools/SideControl
  - PooTools/FilterCamera (3.54.15):
    - PooTools/CameraPermission
    - PooTools/Core
    - PooTools/HarbethKit
    - PooTools/ImageEditor
    - PooTools/MediaViewer
    - PooTools/MicPermission
    - PooTools/NavBarController
  - PooTools/FloatingPanel (3.54.15):
    - PooTools/Core
  - PooTools/GCDWebServer (3.54.15):
    - GCDWebServer
    - GCDWebServer/WebUploader
    - PooTools/Core
  - PooTools/HarbethKit (3.54.15):
    - Harbeth
    - PooTools/CameraPermission
    - PooTools/Core
  - PooTools/ImageEditor (3.54.15):
    - PooTools/Core
    - PooTools/HarbethKit
    - PooTools/NavBarController
  - PooTools/Input (3.54.15):
    - PhoneNumberKit
    - PooTools/Core
    - TextFieldEffects
    - "UITextField+Shake"
  - PooTools/Instructions (3.54.15):
    - Instructions
    - PooTools/Core
  - PooTools/ListEmptyData (3.54.15):
    - EmptyDataSet-Swift
    - LXFProtocolTool/LXFEmptyDataSetable
    - PooTools/Core
  - PooTools/Loading (3.54.15):
    - PooTools/Core
  - PooTools/MediaViewer (3.54.15):
    - PooTools/Core
    - PooTools/NetWork
    - PooTools/PageControl
    - PooTools/ProgressBar
  - PooTools/MicPermission (3.54.15):
    - PooTools/Core
  - PooTools/NavBarController (3.54.15):
    - PooTools/Core
    - ZXNavigationBar
  - PooTools/NetWork (3.54.15):
    - Alamofire
    - KakaJSON
    - PooTools/Core
    - PooTools/Loading
  - PooTools/NotificationBanner (3.54.15):
    - NotificationBannerSwift
    - PooTools/Core
  - PooTools/OSSKitSpeech (3.54.15):
    - PooTools/Core
    - PooTools/SpeechRecognizerPermission
  - PooTools/PageControl (3.54.15):
    - PooTools/Core
  - PooTools/PagingControl (3.54.15):
    - JXPagingView/Paging
    - JXSegmentedView
    - PooTools/Core
  - PooTools/PDF (3.54.15):
    - PooTools/Core
  - PooTools/PhotoPicker (3.54.15):
    - ChromaColorPicker
    - PooTools/CameraPermission
    - PooTools/Core
    - PooTools/FilterCamera
    - PooTools/FloatingPanel
    - PooTools/HarbethKit
    - PooTools/ImageEditor
    - PooTools/NavBarController
    - PooTools/NetWork
    - PooTools/VideoEditor
  - PooTools/Picker (3.54.15):
    - BRPickerView
    - PooTools/Core
  - PooTools/ProgressBar (3.54.15):
    - PooTools/Core
  - PooTools/SearchBar (3.54.15):
    - PooTools/Core
  - PooTools/Share (3.54.15):
    - PooTools/CustomerLabel
  - PooTools/SideControl (3.54.15):
    - PooTools/Core
  - PooTools/Slider (3.54.15):
    - PooTools/Core
    - RangeSeekSlider
  - PooTools/SpeechRecognizerPermission (3.54.15):
    - PooTools/Core
  - PooTools/SwipeCell (3.54.15):
    - PooTools/Core
    - SwipeCellKit
  - PooTools/VideoEditor (3.54.15):
    - PooTools/Core
    - PooTools/FloatingPanel
    - PooTools/HarbethKit
    - PooTools/Loading
    - PooTools/ProgressBar
  - PooTools/ZipArchive (3.54.15):
    - PooTools/Core
    - SSZipArchive
  - pop (1.0.12)
  - RangeSeekSlider (1.8.0)
  - SafeSFSymbols (2.0.0)
  - SnapKit (5.6.0)
  - SSZipArchive (2.4.3)
  - SwiftDate (7.0.0)
  - SwifterSwift (6.2.0):
    - SwifterSwift/AppKit (= 6.2.0)
    - SwifterSwift/Combine (= 6.2.0)
    - SwifterSwift/CoreAnimation (= 6.2.0)
    - SwifterSwift/CoreGraphics (= 6.2.0)
    - SwifterSwift/CoreLocation (= 6.2.0)
    - SwifterSwift/CryptoKit (= 6.2.0)
    - SwifterSwift/Dispatch (= 6.2.0)
    - SwifterSwift/Foundation (= 6.2.0)
    - SwifterSwift/HealthKit (= 6.2.0)
    - SwifterSwift/MapKit (= 6.2.0)
    - SwifterSwift/SceneKit (= 6.2.0)
    - SwifterSwift/SpriteKit (= 6.2.0)
    - SwifterSwift/StoreKit (= 6.2.0)
    - SwifterSwift/SwiftStdlib (= 6.2.0)
    - SwifterSwift/UIKit (= 6.2.0)
    - SwifterSwift/WebKit (= 6.2.0)
  - SwifterSwift/AppKit (6.2.0)
  - SwifterSwift/Combine (6.2.0)
  - SwifterSwift/CoreAnimation (6.2.0)
  - SwifterSwift/CoreGraphics (6.2.0)
  - SwifterSwift/CoreLocation (6.2.0)
  - SwifterSwift/CryptoKit (6.2.0)
  - SwifterSwift/Dispatch (6.2.0)
  - SwifterSwift/Foundation (6.2.0)
  - SwifterSwift/HealthKit (6.2.0)
  - SwifterSwift/MapKit (6.2.0)
  - SwifterSwift/SceneKit (6.2.0)
  - SwifterSwift/SpriteKit (6.2.0)
  - SwifterSwift/StoreKit (6.2.0)
  - SwifterSwift/SwiftStdlib (6.2.0)
  - SwifterSwift/UIKit (6.2.0)
  - SwifterSwift/WebKit (6.2.0)
  - SwiftLint (0.55.1)
  - SwiftSpinner (2.2.0)
  - Swinject (2.9.1)
  - SwipeCellKit (2.7.1)
  - TensorFlowLiteC (2.3.0):
    - TensorFlowLiteC/Core (= 2.3.0)
  - TensorFlowLiteC/Core (2.3.0)
  - TensorFlowLiteC/Metal (2.3.0):
    - TensorFlowLiteC/Core
  - TensorFlowLiteSwift/Core (2.3.0):
    - TensorFlowLiteC (= 2.3.0)
  - TensorFlowLiteSwift/Metal (2.3.0):
    - TensorFlowLiteC/Metal (= 2.3.0)
    - TensorFlowLiteSwift/Core (= 2.3.0)
  - TextFieldEffects (1.6.0)
  - UIColor_Hex_Swift (5.1.9)
  - "UITextField+Shake (1.2.1)"
  - "UIViewController+Swizzled (1.4)"
  - WhatsNew (0.4.6)
  - WoodPeckeriOS (1.4.3)
  - YCSymbolTracker (0.1.3)
  - YYText (1.0.7)
  - ZXNavigationBar (1.4.1)

DEPENDENCIES:
  - Bugly
  - FLEX
  - HyperioniOS/AttributesInspector
  - HyperioniOS/Core
  - HyperioniOS/Measurements
  - HyperioniOS/SlowAnimations
  - InAppViewDebugger
  - KDCircularProgress
  - LifetimeTracker
  - LookinServer
  - PooTools/CheckUpdate (from `https://github.com/crazypoo/PTools.git`)
  - PooTools/ColorPicker (from `https://github.com/crazypoo/PTools.git`)
  - PooTools/Core (from `https://github.com/crazypoo/PTools.git`)
  - PooTools/DEBUG (from `https://github.com/crazypoo/PTools.git`)
  - PooTools/FloatingPanel (from `https://github.com/crazypoo/PTools.git`)
  - PooTools/GCDWebServer (from `https://github.com/crazypoo/PTools.git`)
  - PooTools/Input (from `https://github.com/crazypoo/PTools.git`)
  - PooTools/Instructions (from `https://github.com/crazypoo/PTools.git`)
  - PooTools/ListEmptyData (from `https://github.com/crazypoo/PTools.git`)
  - PooTools/MediaViewer (from `https://github.com/crazypoo/PTools.git`)
  - PooTools/NavBarController (from `https://github.com/crazypoo/PTools.git`)
  - PooTools/NetWork (from `https://github.com/crazypoo/PTools.git`)
  - PooTools/NotificationBanner (from `https://github.com/crazypoo/PTools.git`)
  - PooTools/OSSKitSpeech (from `https://github.com/crazypoo/PTools.git`)
  - PooTools/PagingControl (from `https://github.com/crazypoo/PTools.git`)
  - PooTools/PhotoPicker (from `https://github.com/crazypoo/PTools.git`)
  - PooTools/Picker (from `https://github.com/crazypoo/PTools.git`)
  - PooTools/Slider (from `https://github.com/crazypoo/PTools.git`)
  - PooTools/SwipeCell (from `https://github.com/crazypoo/PTools.git`)
  - PooTools/ZipArchive (from `https://github.com/crazypoo/PTools.git`)
  - SwiftLint
  - SwiftSpinner
  - Swinject
  - TensorFlowLiteSwift/Metal (~> 2.3.0)
  - WhatsNew
  - WoodPeckeriOS
  - YCSymbolTracker

SPEC REPOS:
  https://github.com/CocoaPods/Specs.git:
    - Alamofire
    - AttributedString
    - BRPickerView
    - Bugly
    - ChromaColorPicker
    - CocoaLumberjack
    - DeviceKit
    - DZNEmptyDataSet
    - EmptyDataSet-Swift
    - FDFullscreenPopGesture
    - FLEX
    - GCDWebServer
    - Harbeth
    - HyperioniOS
    - InAppViewDebugger
    - Instructions
    - IQKeyboardManagerSwift
    - JXPagingView
    - JXSegmentedView
    - KakaJSON
    - KDCircularProgress
    - Kingfisher
    - LifetimeTracker
    - LookinServer
    - LXFProtocolTool
    - MarqueeLabel
    - NotificationBannerSwift
    - PhoneNumberKit
    - pop
    - RangeSeekSlider
    - SafeSFSymbols
    - SnapKit
    - SSZipArchive
    - SwiftDate
    - SwifterSwift
    - SwiftLint
    - SwiftSpinner
    - Swinject
    - SwipeCellKit
    - TensorFlowLiteC
    - TensorFlowLiteSwift
    - TextFieldEffects
    - UIColor_Hex_Swift
    - "UITextField+Shake"
    - "UIViewController+Swizzled"
    - WhatsNew
    - WoodPeckeriOS
    - YCSymbolTracker
    - YYText
    - ZXNavigationBar

EXTERNAL SOURCES:
  PooTools:
    :git: https://github.com/crazypoo/PTools.git

CHECKOUT OPTIONS:
  PooTools:
    :commit: 92e79e7990000315432865e88ecf8920b6343d94
    :git: https://github.com/crazypoo/PTools.git

SPEC CHECKSUMS:
  Alamofire: f36a35757af4587d8e4f4bfa223ad10be2422b8c
  AttributedString: 7fa84b52e32feaeab9a484e8a1dc2840d6f0a6cf
  BRPickerView: ba7f191a062db07baa5d098a9f77c6bf7cabbf1f
  Bugly: 217ac2ce5f0f2626d43dbaa4f70764c953a26a31
  ChromaColorPicker: 307585f2dc23d4d72f24cad320c1e08825cb5c09
  CocoaLumberjack: 6a459bc897d6d80bd1b8c78482ec7ad05dffc3f0
  DeviceKit: bd34bb1766d926c3cc5a5f6e3e9a6dd10148b805
  DZNEmptyDataSet: 9525833b9e68ac21c30253e1d3d7076cc828eaa7
  EmptyDataSet-Swift: eb382c0c87a2d9c678077385a595cec52da38171
  FDFullscreenPopGesture: a8a620179e3d9c40e8e00256dcee1c1a27c6d0f0
  FLEX: f21ee4f498eed3f8a1eded66b21939fd3b7a22ce
  GCDWebServer: 2c156a56c8226e2d5c0c3f208a3621ccffbe3ce4
  Harbeth: 73d704e1edda98db65b80d1cb35b23fff79f6c70
  HyperioniOS: 4412ec61a390caadffcaaf3364733b06e103cf63
  InAppViewDebugger: 5f1cd0189d348679f153502da1343ba513b5cbae
  Instructions: 3aac22d036495ba4c40e00747e0a275da40ce53d
  IQKeyboardManagerSwift: f9c5dc36cba16ddd2e51fa7d51c34a2e083029b5
  JXPagingView: afdd2e9af09c90160dd232b970d603cc6e7ddd0e
  JXSegmentedView: 651b60fcf705258ba9395edd53876dbd2853fb68
  KakaJSON: cc5ff50a8c1cfbb09413db8496cb709a209e6137
  KDCircularProgress: 98200c6b8e85d22bc04eb644721d3b1e12b0686b
  Kingfisher: 53a10ea35051a436b5fb626ca2dd8f3144d755e9
  LifetimeTracker: e67647bf9130e4173e488689896f057a63de16ec
  LookinServer: 1b2b61c6402ae29fa22182d48f5cd067b4e99e80
  LXFProtocolTool: 8d1e53c010f6941c273b9908be24bfc20d1ce2f2
  MarqueeLabel: 15e524a6762552bb279cb17438b8a94990269fb9
  NotificationBannerSwift: dce54ded532b26e30cd8e7f4d80e124a0f2ba7d1
  PhoneNumberKit: ced55861269312a5e3bc2ef82a58d6255b1c976a
  PooTools: e8a4251e805d18a1477f80aa2c9b9698ec2e140e
  pop: d582054913807fd11fd50bfe6a539d91c7e1a55a
  RangeSeekSlider: 650b11fa1edcb92e1e0ede797669d98622570fb5
  SafeSFSymbols: c57c8752149b2ddc0213d3d519a3a31a8bd76340
  SnapKit: e01d52ebb8ddbc333eefe2132acf85c8227d9c25
  SSZipArchive: fe6a26b2a54d5a0890f2567b5cc6de5caa600aef
  SwiftDate: bbc26e26fc8c0c33fbee8c140c5e8a68293a148a
  SwifterSwift: dd00873fb09cde19da88bdb2878f9fe70fe27b0f
  SwiftLint: 3fe909719babe5537c552ee8181c0031392be933
  SwiftSpinner: f9b59477fe107427f2b5b835497d6636fa167ede
  Swinject: a827d508c6270da03ec74e558e728917a888fa9b
  SwipeCellKit: 3972254a826da74609926daf59b08d6c72e619ea
  TensorFlowLiteC: 51f50caf5777f740a70e2c1a5dbdc149e7aeb50b
  TensorFlowLiteSwift: fb152cc1eec36b25b03a23c07f5d58113170af58
  TextFieldEffects: 529b8aff706fb40f82c41c780c0777941a893796
  UIColor_Hex_Swift: 20cb4e8d51b63e168a9da6933bc5d39cd8fb4ab5
  "UITextField+Shake": 298ac5a0f239d731bdab999b19b628c956ca0ac3
  "UIViewController+Swizzled": 1cd9397598ede6930f94fbcac4b43d63c7aa0dbb
  WhatsNew: d66a52b294e90d5bc133877e270ea7ce0b945003
  WoodPeckeriOS: d76940519d27513155959a659f0d1142b5ccc081
  YCSymbolTracker: e54ceb577959656caa1ec397372de6bc3c46ec0d
  YYText: 5c461d709e24d55a182d1441c41dc639a18a4849
  ZXNavigationBar: a8ceb13fe37f9ca894cf6ae22d805cbdbb9ad6b1

PODFILE CHECKSUM: 52dbba361d04b86736c17e2a24368b0841fffe85

COCOAPODS: 1.15.0
