// !$*UTF8*$!
{
	archiveVersion = 1;
	classes = {
	};
	objectVersion = 56;
	objects = {

/* Begin PBXBuildFile section */
		5503C51629CB273A00B00BE1 /* MessageKit in Frameworks */ = {isa = PBXBuildFile; productRef = 5503C51529CB273A00B00BE1 /* MessageKit */; };
		5509372D29DD1C82007FA668 /* PTClampedProperyWrapper.swift in Sources */ = {isa = PBXBuildFile; fileRef = 5509372C29DD1C82007FA668 /* PTClampedProperyWrapper.swift */; };
		5512AB7C29B470310059D840 /* PTAudioPlayer.swift in Sources */ = {isa = PBXBuildFile; fileRef = 5512AB7B29B470310059D840 /* PTAudioPlayer.swift */; };
		5514B37129B9CBFD00890161 /* PTChatCustomCell.swift in Sources */ = {isa = PBXBuildFile; fileRef = 5514B37029B9CBFD00890161 /* PTChatCustomCell.swift */; };
		5514B37429B9D50D00890161 /* PTChatModel.swift in Sources */ = {isa = PBXBuildFile; fileRef = 5514B37329B9D50D00890161 /* PTChatModel.swift */; };
		5514B37629B9F5AC00890161 /* PTAppConfig.swift in Sources */ = {isa = PBXBuildFile; fileRef = 5514B37529B9F5AC00890161 /* PTAppConfig.swift */; };
		5514B37829B9F87C00890161 /* PTSettingListViewController.swift in Sources */ = {isa = PBXBuildFile; fileRef = 5514B37729B9F87C00890161 /* PTSettingListViewController.swift */; };
		5514B37A29BA02E300890161 /* PTChatBaseViewController.swift in Sources */ = {isa = PBXBuildFile; fileRef = 5514B37929BA02E300890161 /* PTChatBaseViewController.swift */; };
		5514B37D29BA102400890161 /* PTSettingHeader.swift in Sources */ = {isa = PBXBuildFile; fileRef = 5514B37C29BA102400890161 /* PTSettingHeader.swift */; };
		5514B38029BA112A00890161 /* PTSettingModels.swift in Sources */ = {isa = PBXBuildFile; fileRef = 5514B37F29BA112A00890161 /* PTSettingModels.swift */; };
		5514B38229BA14C400890161 /* PTColorSettingViewController.swift in Sources */ = {isa = PBXBuildFile; fileRef = 5514B38129BA14C400890161 /* PTColorSettingViewController.swift */; };
		5514B38429BA233A00890161 /* PTSaveChatViewController.swift in Sources */ = {isa = PBXBuildFile; fileRef = 5514B38329BA233A00890161 /* PTSaveChatViewController.swift */; };
		5514B38729BAE76E00890161 /* PTShareItem.swift in Sources */ = {isa = PBXBuildFile; fileRef = 5514B38629BAE76D00890161 /* PTShareItem.swift */; };
		5514B38929BAE7E400890161 /* SwipeCellOption.swift in Sources */ = {isa = PBXBuildFile; fileRef = 5514B38829BAE7E400890161 /* SwipeCellOption.swift */; };
		5514B38B29BAF5E900890161 /* PTNavController.swift in Sources */ = {isa = PBXBuildFile; fileRef = 5514B38A29BAF5E900890161 /* PTNavController.swift */; };
		5514B38D29BAFA6A00890161 /* PTDisclaimerViewController.swift in Sources */ = {isa = PBXBuildFile; fileRef = 5514B38C29BAFA6A00890161 /* PTDisclaimerViewController.swift */; };
		5514B39529BB013000890161 /* DarkModePickerView.swift in Sources */ = {isa = PBXBuildFile; fileRef = 5514B39129BB013000890161 /* DarkModePickerView.swift */; };
		5514B39929BB024D00890161 /* HSNavControl.swift in Sources */ = {isa = PBXBuildFile; fileRef = 5514B39829BB024D00890161 /* HSNavControl.swift */; };
		5514B39C29BB127F00890161 /* Localizable.strings in Resources */ = {isa = PBXBuildFile; fileRef = 5514B39E29BB127F00890161 /* Localizable.strings */; };
		5520905929C3587C009B30A1 /* PTBaseMaskView.swift in Sources */ = {isa = PBXBuildFile; fileRef = 5520905829C3587C009B30A1 /* PTBaseMaskView.swift */; };
		5520905B29C35903009B30A1 /* PTVoiceActionView.swift in Sources */ = {isa = PBXBuildFile; fileRef = 5520905A29C35903009B30A1 /* PTVoiceActionView.swift */; };
		5526D05729E41D9D00585EC8 /* PTLocalFileModel.swift in Sources */ = {isa = PBXBuildFile; fileRef = 5526D05229E41D9D00585EC8 /* PTLocalFileModel.swift */; };
		5526D05829E41D9D00585EC8 /* PTLocalFileViewController.swift in Sources */ = {isa = PBXBuildFile; fileRef = 5526D05429E41D9D00585EC8 /* PTLocalFileViewController.swift */; };
		5526D05929E41D9D00585EC8 /* PTLocalFileCell.swift in Sources */ = {isa = PBXBuildFile; fileRef = 5526D05629E41D9D00585EC8 /* PTLocalFileCell.swift */; };
		55278F3229BB7BF100615B0D /* PTAISmartCell.swift in Sources */ = {isa = PBXBuildFile; fileRef = 55278F3129BB7BF100615B0D /* PTAISmartCell.swift */; };
		552A609629D7EACF00239210 /* OSSSpeechKit in Frameworks */ = {isa = PBXBuildFile; productRef = 552A609529D7EACF00239210 /* OSSSpeechKit */; };
		552A609829D7F0E200239210 /* PTChatApiFunction.swift in Sources */ = {isa = PBXBuildFile; fileRef = 552A609729D7F0E200239210 /* PTChatApiFunction.swift */; };
		552A609D29D819F500239210 /* PTAIModerationdModel.swift in Sources */ = {isa = PBXBuildFile; fileRef = 552A609C29D819F500239210 /* PTAIModerationdModel.swift */; };
		552A609F29D831BD00239210 /* PTAICompletionsModel.swift in Sources */ = {isa = PBXBuildFile; fileRef = 552A609E29D831BD00239210 /* PTAICompletionsModel.swift */; };
		552A60A129D8390500239210 /* PTAIEditsModel.swift in Sources */ = {isa = PBXBuildFile; fileRef = 552A60A029D8390500239210 /* PTAIEditsModel.swift */; };
		552A60A629D85EF100239210 /* PTImageGeneration.swift in Sources */ = {isa = PBXBuildFile; fileRef = 552A60A529D85EF100239210 /* PTImageGeneration.swift */; };
		552B41C129D0A25C00065892 /* PTHelpViewController.swift in Sources */ = {isa = PBXBuildFile; fileRef = 552B41C029D0A25C00065892 /* PTHelpViewController.swift */; };
		552B41C329D1358300065892 /* PTApp3PartyKey.swift in Sources */ = {isa = PBXBuildFile; fileRef = 552B41C229D1358300065892 /* PTApp3PartyKey.swift */; };
		552B41C529D135AE00065892 /* PTCheckTestFlight.swift in Sources */ = {isa = PBXBuildFile; fileRef = 552B41C429D135AE00065892 /* PTCheckTestFlight.swift */; };
		552B41CA29D14A5200065892 /* AppStoreConnect-Swift-SDK in Frameworks */ = {isa = PBXBuildFile; productRef = 552B41C929D14A5200065892 /* AppStoreConnect-Swift-SDK */; };
		5539463D29D8794500FFB312 /* PTSendChatModel.swift in Sources */ = {isa = PBXBuildFile; fileRef = 5539463C29D8794500FFB312 /* PTSendChatModel.swift */; };
		5539463F29D8822900FFB312 /* PTReceiveChatModel.swift in Sources */ = {isa = PBXBuildFile; fileRef = 5539463E29D8822900FFB312 /* PTReceiveChatModel.swift */; };
		5554FE9129DFE99400C29F8A /* PTCostMainModel.swift in Sources */ = {isa = PBXBuildFile; fileRef = 5554FE9029DFE99400C29F8A /* PTCostMainModel.swift */; };
		5554FE9329DFF1F400C29F8A /* PTCostHistoriaViewController.swift in Sources */ = {isa = PBXBuildFile; fileRef = 5554FE9229DFF1F400C29F8A /* PTCostHistoriaViewController.swift */; };
		55796A2229BD6DCE00574DD4 /* PTSoundRecorder.swift in Sources */ = {isa = PBXBuildFile; fileRef = 55796A2129BD6DCE00574DD4 /* PTSoundRecorder.swift */; };
		55796A2429BD6E2A00574DD4 /* PTSoundVisualizerView.swift in Sources */ = {isa = PBXBuildFile; fileRef = 55796A2329BD6E2A00574DD4 /* PTSoundVisualizerView.swift */; };
		55833D3029E13C2F004B754D /* GradientProgressView in Frameworks */ = {isa = PBXBuildFile; productRef = 55833D2F29E13C2F004B754D /* GradientProgressView */; };
		55A5D71829B1D23D00DCA096 /* AppDelegate.swift in Sources */ = {isa = PBXBuildFile; fileRef = 55A5D71729B1D23D00DCA096 /* AppDelegate.swift */; };
		55A5D71F29B1D23D00DCA096 /* Main.storyboard in Resources */ = {isa = PBXBuildFile; fileRef = 55A5D71D29B1D23D00DCA096 /* Main.storyboard */; };
		55A5D72129B1D23E00DCA096 /* Assets.xcassets in Resources */ = {isa = PBXBuildFile; fileRef = 55A5D72029B1D23E00DCA096 /* Assets.xcassets */; };
		55A5D72429B1D23E00DCA096 /* LaunchScreen.storyboard in Resources */ = {isa = PBXBuildFile; fileRef = 55A5D72229B1D23E00DCA096 /* LaunchScreen.storyboard */; };
		55A5D7EE29B1D9A900DCA096 /* OpenAIModelType.swift in Sources */ = {isa = PBXBuildFile; fileRef = 55A5D7E829B1D9A900DCA096 /* OpenAIModelType.swift */; };
		55A5D7F729B1DFF200DCA096 /* PTChatViewController.swift in Sources */ = {isa = PBXBuildFile; fileRef = 55A5D7F629B1DFF200DCA096 /* PTChatViewController.swift */; };
		55A5D7FC29B1E41400DCA096 /* PTChatUser.swift in Sources */ = {isa = PBXBuildFile; fileRef = 55A5D7FB29B1E41400DCA096 /* PTChatUser.swift */; };
		55A5D7FE29B1EEF400DCA096 /* PTChatData.swift in Sources */ = {isa = PBXBuildFile; fileRef = 55A5D7FD29B1EEF400DCA096 /* PTChatData.swift */; };
		55A5D80129B1F29800DCA096 /* PTMessageModel.swift in Sources */ = {isa = PBXBuildFile; fileRef = 55A5D80029B1F29800DCA096 /* PTMessageModel.swift */; };
		55A5D80629B242CF00DCA096 /* PTSettingViewController.swift in Sources */ = {isa = PBXBuildFile; fileRef = 55A5D80529B242CF00DCA096 /* PTSettingViewController.swift */; };
		55ADCD9229D6BB500092F3D4 /* PTChatMasterControl.swift in Sources */ = {isa = PBXBuildFile; fileRef = 55ADCD9129D6BB500092F3D4 /* PTChatMasterControl.swift */; };
		55B2745629CE23EA00E05736 /* CartoonGanModel.swift in Sources */ = {isa = PBXBuildFile; fileRef = 55B2745029CE23EA00E05736 /* CartoonGanModel.swift */; };
		55B2745729CE23EA00E05736 /* Model.swift in Sources */ = {isa = PBXBuildFile; fileRef = 55B2745129CE23EA00E05736 /* Model.swift */; };
		55B2745829CE23EA00E05736 /* StyleTransfererModel.swift in Sources */ = {isa = PBXBuildFile; fileRef = 55B2745329CE23EA00E05736 /* StyleTransfererModel.swift */; };
		55B2745929CE23EA00E05736 /* StyleTransferer.swift in Sources */ = {isa = PBXBuildFile; fileRef = 55B2745429CE23EA00E05736 /* StyleTransferer.swift */; };
		55B2745F29CE240E00E05736 /* style_transfer_quantized_384.tflite in Resources */ = {isa = PBXBuildFile; fileRef = 55B2745C29CE240E00E05736 /* style_transfer_quantized_384.tflite */; };
		55B2746029CE240E00E05736 /* style_predict_quantized_256.tflite in Resources */ = {isa = PBXBuildFile; fileRef = 55B2745D29CE240E00E05736 /* style_predict_quantized_256.tflite */; };
		55B2746129CE240E00E05736 /* cartoongan_int8.tflite in Resources */ = {isa = PBXBuildFile; fileRef = 55B2745E29CE240E00E05736 /* cartoongan_int8.tflite */; };
		55B2746329CE24DA00E05736 /* Data+Array+Convert.swift in Sources */ = {isa = PBXBuildFile; fileRef = 55B2746229CE24DA00E05736 /* Data+Array+Convert.swift */; };
		55B2746529CE250D00E05736 /* TFLiteExtension.swift in Sources */ = {isa = PBXBuildFile; fileRef = 55B2746429CE250D00E05736 /* TFLiteExtension.swift */; };
		55B69D9C29E2B76800468222 /* PTStableDiffusionModelCell.swift in Sources */ = {isa = PBXBuildFile; fileRef = 55B69D9B29E2B76800468222 /* PTStableDiffusionModelCell.swift */; };
		55B69D9E29E2F53500468222 /* PTDownloadModelModel.swift in Sources */ = {isa = PBXBuildFile; fileRef = 55B69D9D29E2F53500468222 /* PTDownloadModelModel.swift */; };
		55BD5B7C29C613070023458A /* PTSettingFooter.swift in Sources */ = {isa = PBXBuildFile; fileRef = 55BD5B7B29C613070023458A /* PTSettingFooter.swift */; };
		55BD5B8A29C6AE2C0023458A /* PTSegHistoryModel.swift in Sources */ = {isa = PBXBuildFile; fileRef = 55BD5B8929C6AE2C0023458A /* PTSegHistoryModel.swift */; };
		55BD5B8E29C7074B0023458A /* PTPopoverControl.swift in Sources */ = {isa = PBXBuildFile; fileRef = 55BD5B8D29C7074A0023458A /* PTPopoverControl.swift */; };
		55BD5B9029C708BF0023458A /* PTPopoverCell.swift in Sources */ = {isa = PBXBuildFile; fileRef = 55BD5B8F29C708BF0023458A /* PTPopoverCell.swift */; };
		55BD5B9229C7E4110023458A /* PTPopoverMenuControl.swift in Sources */ = {isa = PBXBuildFile; fileRef = 55BD5B9129C7E4110023458A /* PTPopoverMenuControl.swift */; };
		55BD5B9929C801700023458A /* PTCoachModel.swift in Sources */ = {isa = PBXBuildFile; fileRef = 55BD5B9829C801700023458A /* PTCoachModel.swift */; };
		55BD5B9B29C8424A0023458A /* PTDarkModeControl.swift in Sources */ = {isa = PBXBuildFile; fileRef = 55BD5B9A29C8424A0023458A /* PTDarkModeControl.swift */; };
		55BD5B9D29C843EA0023458A /* PTDarkModeHeader.swift in Sources */ = {isa = PBXBuildFile; fileRef = 55BD5B9C29C843EA0023458A /* PTDarkModeHeader.swift */; };
		55BD5B9F29C850AC0023458A /* PTDarkSmartFooter.swift in Sources */ = {isa = PBXBuildFile; fileRef = 55BD5B9E29C850AC0023458A /* PTDarkSmartFooter.swift */; };
		55BD5BA129C85F9E0023458A /* PTDarkFollowSystemFooter.swift in Sources */ = {isa = PBXBuildFile; fileRef = 55BD5BA029C85F9E0023458A /* PTDarkFollowSystemFooter.swift */; };
		55BD5BAF29CA13BA0023458A /* PTPopoverFooter.swift in Sources */ = {isa = PBXBuildFile; fileRef = 55BD5BAE29CA13BA0023458A /* PTPopoverFooter.swift */; };
		55D752F629D1FCF8005CE46B /* SampleJson.json in Resources */ = {isa = PBXBuildFile; fileRef = 55D752F529D1FCF8005CE46B /* SampleJson.json */; };
		55D752F929D1FDA2005CE46B /* PTSampleModels.swift in Sources */ = {isa = PBXBuildFile; fileRef = 55D752F829D1FDA2005CE46B /* PTSampleModels.swift */; };
		55D752FB29D27B54005CE46B /* PTSuggesstionViewController.swift in Sources */ = {isa = PBXBuildFile; fileRef = 55D752FA29D27B54005CE46B /* PTSuggesstionViewController.swift */; };
		55D752FD29D280E6005CE46B /* PTSuggesstionCell.swift in Sources */ = {isa = PBXBuildFile; fileRef = 55D752FC29D280E6005CE46B /* PTSuggesstionCell.swift */; };
		55DF4BFC29DFFABF0077F8F7 /* PTCostCell.swift in Sources */ = {isa = PBXBuildFile; fileRef = 55DF4BFB29DFFABF0077F8F7 /* PTCostCell.swift */; };
		55DF5C5129E06EB00077F8F7 /* PTSableDiffusion.swift in Sources */ = {isa = PBXBuildFile; fileRef = 55DF5C5029E06EB00077F8F7 /* PTSableDiffusion.swift */; };
		55DF64A429E07DE40077F8F7 /* PTDiffusionViewController.swift in Sources */ = {isa = PBXBuildFile; fileRef = 55DF64A329E07DE40077F8F7 /* PTDiffusionViewController.swift */; };
		55F2099C29D8AEA90034A6AF /* PTChatGPTBaseModel.swift in Sources */ = {isa = PBXBuildFile; fileRef = 55F2099B29D8AEA90034A6AF /* PTChatGPTBaseModel.swift */; };
		55F7A65D29D4012B00CF6272 /* PTSuggestionControl.swift in Sources */ = {isa = PBXBuildFile; fileRef = 55F7A65C29D4012B00CF6272 /* PTSuggestionControl.swift */; };
		55F7A8C029D6AC7800CF6272 /* PTSplitViewController.swift in Sources */ = {isa = PBXBuildFile; fileRef = 55F7A8BF29D6AC7800CF6272 /* PTSplitViewController.swift */; };
		EC91DE097C54ED7562DD3DCA /* Pods_PTChatGPT.framework in Frameworks */ = {isa = PBXBuildFile; fileRef = 372877C61B4F76BA38F0C55D /* Pods_PTChatGPT.framework */; };
/* End PBXBuildFile section */

/* Begin PBXFileReference section */
		372877C61B4F76BA38F0C55D /* Pods_PTChatGPT.framework */ = {isa = PBXFileReference; explicitFileType = wrapper.framework; includeInIndex = 0; path = Pods_PTChatGPT.framework; sourceTree = BUILT_PRODUCTS_DIR; };
		5509372C29DD1C82007FA668 /* PTClampedProperyWrapper.swift */ = {isa = PBXFileReference; fileEncoding = 4; lastKnownFileType = sourcecode.swift; path = PTClampedProperyWrapper.swift; sourceTree = "<group>"; };
		5512AB7B29B470310059D840 /* PTAudioPlayer.swift */ = {isa = PBXFileReference; lastKnownFileType = sourcecode.swift; path = PTAudioPlayer.swift; sourceTree = "<group>"; };
		5514B37029B9CBFD00890161 /* PTChatCustomCell.swift */ = {isa = PBXFileReference; lastKnownFileType = sourcecode.swift; path = PTChatCustomCell.swift; sourceTree = "<group>"; };
		5514B37329B9D50D00890161 /* PTChatModel.swift */ = {isa = PBXFileReference; lastKnownFileType = sourcecode.swift; path = PTChatModel.swift; sourceTree = "<group>"; };
		5514B37529B9F5AC00890161 /* PTAppConfig.swift */ = {isa = PBXFileReference; lastKnownFileType = sourcecode.swift; path = PTAppConfig.swift; sourceTree = "<group>"; };
		5514B37729B9F87C00890161 /* PTSettingListViewController.swift */ = {isa = PBXFileReference; lastKnownFileType = sourcecode.swift; path = PTSettingListViewController.swift; sourceTree = "<group>"; };
		5514B37929BA02E300890161 /* PTChatBaseViewController.swift */ = {isa = PBXFileReference; lastKnownFileType = sourcecode.swift; path = PTChatBaseViewController.swift; sourceTree = "<group>"; };
		5514B37C29BA102400890161 /* PTSettingHeader.swift */ = {isa = PBXFileReference; lastKnownFileType = sourcecode.swift; path = PTSettingHeader.swift; sourceTree = "<group>"; };
		5514B37F29BA112A00890161 /* PTSettingModels.swift */ = {isa = PBXFileReference; lastKnownFileType = sourcecode.swift; path = PTSettingModels.swift; sourceTree = "<group>"; };
		5514B38129BA14C400890161 /* PTColorSettingViewController.swift */ = {isa = PBXFileReference; lastKnownFileType = sourcecode.swift; path = PTColorSettingViewController.swift; sourceTree = "<group>"; };
		5514B38329BA233A00890161 /* PTSaveChatViewController.swift */ = {isa = PBXFileReference; lastKnownFileType = sourcecode.swift; path = PTSaveChatViewController.swift; sourceTree = "<group>"; };
		5514B38629BAE76D00890161 /* PTShareItem.swift */ = {isa = PBXFileReference; fileEncoding = 4; lastKnownFileType = sourcecode.swift; path = PTShareItem.swift; sourceTree = "<group>"; };
		5514B38829BAE7E400890161 /* SwipeCellOption.swift */ = {isa = PBXFileReference; fileEncoding = 4; lastKnownFileType = sourcecode.swift; path = SwipeCellOption.swift; sourceTree = "<group>"; };
		5514B38A29BAF5E900890161 /* PTNavController.swift */ = {isa = PBXFileReference; fileEncoding = 4; lastKnownFileType = sourcecode.swift; path = PTNavController.swift; sourceTree = "<group>"; };
		5514B38C29BAFA6A00890161 /* PTDisclaimerViewController.swift */ = {isa = PBXFileReference; lastKnownFileType = sourcecode.swift; path = PTDisclaimerViewController.swift; sourceTree = "<group>"; };
		5514B39129BB013000890161 /* DarkModePickerView.swift */ = {isa = PBXFileReference; fileEncoding = 4; lastKnownFileType = sourcecode.swift; path = DarkModePickerView.swift; sourceTree = "<group>"; };
		5514B39829BB024D00890161 /* HSNavControl.swift */ = {isa = PBXFileReference; fileEncoding = 4; lastKnownFileType = sourcecode.swift; path = HSNavControl.swift; sourceTree = "<group>"; };
		5514B3A429BB136900890161 /* en */ = {isa = PBXFileReference; lastKnownFileType = text.plist.strings; name = en; path = en.lproj/Main.strings; sourceTree = "<group>"; };
		5514B3A529BB136900890161 /* en */ = {isa = PBXFileReference; lastKnownFileType = text.plist.strings; name = en; path = en.lproj/LaunchScreen.strings; sourceTree = "<group>"; };
		5514B3A629BB136900890161 /* en */ = {isa = PBXFileReference; lastKnownFileType = text.plist.strings; name = en; path = en.lproj/Localizable.strings; sourceTree = "<group>"; };
		5514B3A729BB137100890161 /* zh-HK */ = {isa = PBXFileReference; lastKnownFileType = text.plist.strings; name = "zh-HK"; path = "zh-HK.lproj/Main.strings"; sourceTree = "<group>"; };
		5514B3A829BB137100890161 /* zh-HK */ = {isa = PBXFileReference; lastKnownFileType = text.plist.strings; name = "zh-HK"; path = "zh-HK.lproj/LaunchScreen.strings"; sourceTree = "<group>"; };
		5514B3A929BB137100890161 /* zh-HK */ = {isa = PBXFileReference; lastKnownFileType = text.plist.strings; name = "zh-HK"; path = "zh-HK.lproj/Localizable.strings"; sourceTree = "<group>"; };
		5514B3AA29BB138100890161 /* zh-Hans */ = {isa = PBXFileReference; lastKnownFileType = text.plist.strings; name = "zh-Hans"; path = "zh-Hans.lproj/Main.strings"; sourceTree = "<group>"; };
		5514B3AB29BB138100890161 /* zh-Hans */ = {isa = PBXFileReference; lastKnownFileType = text.plist.strings; name = "zh-Hans"; path = "zh-Hans.lproj/LaunchScreen.strings"; sourceTree = "<group>"; };
		5514B3AC29BB138100890161 /* zh-Hans */ = {isa = PBXFileReference; lastKnownFileType = text.plist.strings; name = "zh-Hans"; path = "zh-Hans.lproj/Localizable.strings"; sourceTree = "<group>"; };
		5514B3AD29BB139800890161 /* es */ = {isa = PBXFileReference; lastKnownFileType = text.plist.strings; name = es; path = es.lproj/Main.strings; sourceTree = "<group>"; };
		5514B3AE29BB139800890161 /* es */ = {isa = PBXFileReference; lastKnownFileType = text.plist.strings; name = es; path = es.lproj/LaunchScreen.strings; sourceTree = "<group>"; };
		5514B3AF29BB139800890161 /* es */ = {isa = PBXFileReference; lastKnownFileType = text.plist.strings; name = es; path = es.lproj/Localizable.strings; sourceTree = "<group>"; };
		5520905829C3587C009B30A1 /* PTBaseMaskView.swift */ = {isa = PBXFileReference; lastKnownFileType = sourcecode.swift; path = PTBaseMaskView.swift; sourceTree = "<group>"; };
		5520905A29C35903009B30A1 /* PTVoiceActionView.swift */ = {isa = PBXFileReference; lastKnownFileType = sourcecode.swift; path = PTVoiceActionView.swift; sourceTree = "<group>"; };
		5526D05229E41D9D00585EC8 /* PTLocalFileModel.swift */ = {isa = PBXFileReference; fileEncoding = 4; lastKnownFileType = sourcecode.swift; path = PTLocalFileModel.swift; sourceTree = "<group>"; };
		5526D05429E41D9D00585EC8 /* PTLocalFileViewController.swift */ = {isa = PBXFileReference; fileEncoding = 4; lastKnownFileType = sourcecode.swift; path = PTLocalFileViewController.swift; sourceTree = "<group>"; };
		5526D05629E41D9D00585EC8 /* PTLocalFileCell.swift */ = {isa = PBXFileReference; fileEncoding = 4; lastKnownFileType = sourcecode.swift; path = PTLocalFileCell.swift; sourceTree = "<group>"; };
		55278F3129BB7BF100615B0D /* PTAISmartCell.swift */ = {isa = PBXFileReference; lastKnownFileType = sourcecode.swift; path = PTAISmartCell.swift; sourceTree = "<group>"; };
		552A609729D7F0E200239210 /* PTChatApiFunction.swift */ = {isa = PBXFileReference; lastKnownFileType = sourcecode.swift; path = PTChatApiFunction.swift; sourceTree = "<group>"; };
		552A609C29D819F500239210 /* PTAIModerationdModel.swift */ = {isa = PBXFileReference; lastKnownFileType = sourcecode.swift; path = PTAIModerationdModel.swift; sourceTree = "<group>"; };
		552A609E29D831BD00239210 /* PTAICompletionsModel.swift */ = {isa = PBXFileReference; lastKnownFileType = sourcecode.swift; path = PTAICompletionsModel.swift; sourceTree = "<group>"; };
		552A60A029D8390500239210 /* PTAIEditsModel.swift */ = {isa = PBXFileReference; lastKnownFileType = sourcecode.swift; path = PTAIEditsModel.swift; sourceTree = "<group>"; };
		552A60A529D85EF100239210 /* PTImageGeneration.swift */ = {isa = PBXFileReference; lastKnownFileType = sourcecode.swift; path = PTImageGeneration.swift; sourceTree = "<group>"; };
		552B41C029D0A25C00065892 /* PTHelpViewController.swift */ = {isa = PBXFileReference; lastKnownFileType = sourcecode.swift; path = PTHelpViewController.swift; sourceTree = "<group>"; };
		552B41C229D1358300065892 /* PTApp3PartyKey.swift */ = {isa = PBXFileReference; lastKnownFileType = sourcecode.swift; path = PTApp3PartyKey.swift; sourceTree = "<group>"; };
		552B41C429D135AE00065892 /* PTCheckTestFlight.swift */ = {isa = PBXFileReference; lastKnownFileType = sourcecode.swift; path = PTCheckTestFlight.swift; sourceTree = "<group>"; };
		5539463C29D8794500FFB312 /* PTSendChatModel.swift */ = {isa = PBXFileReference; lastKnownFileType = sourcecode.swift; path = PTSendChatModel.swift; sourceTree = "<group>"; };
		5539463E29D8822900FFB312 /* PTReceiveChatModel.swift */ = {isa = PBXFileReference; lastKnownFileType = sourcecode.swift; path = PTReceiveChatModel.swift; sourceTree = "<group>"; };
		5554FE9029DFE99400C29F8A /* PTCostMainModel.swift */ = {isa = PBXFileReference; lastKnownFileType = sourcecode.swift; path = PTCostMainModel.swift; sourceTree = "<group>"; };
		5554FE9229DFF1F400C29F8A /* PTCostHistoriaViewController.swift */ = {isa = PBXFileReference; lastKnownFileType = sourcecode.swift; path = PTCostHistoriaViewController.swift; sourceTree = "<group>"; };
		55796A2129BD6DCE00574DD4 /* PTSoundRecorder.swift */ = {isa = PBXFileReference; lastKnownFileType = sourcecode.swift; path = PTSoundRecorder.swift; sourceTree = "<group>"; };
		55796A2329BD6E2A00574DD4 /* PTSoundVisualizerView.swift */ = {isa = PBXFileReference; lastKnownFileType = sourcecode.swift; path = PTSoundVisualizerView.swift; sourceTree = "<group>"; };
		55A5D71429B1D23D00DCA096 /* Chat走啦.app */ = {isa = PBXFileReference; explicitFileType = wrapper.application; includeInIndex = 0; path = "Chat走啦.app"; sourceTree = BUILT_PRODUCTS_DIR; };
		55A5D71729B1D23D00DCA096 /* AppDelegate.swift */ = {isa = PBXFileReference; lastKnownFileType = sourcecode.swift; path = AppDelegate.swift; sourceTree = "<group>"; };
		55A5D71E29B1D23D00DCA096 /* Base */ = {isa = PBXFileReference; lastKnownFileType = file.storyboard; name = Base; path = Base.lproj/Main.storyboard; sourceTree = "<group>"; };
		55A5D72029B1D23E00DCA096 /* Assets.xcassets */ = {isa = PBXFileReference; lastKnownFileType = folder.assetcatalog; path = Assets.xcassets; sourceTree = "<group>"; };
		55A5D72329B1D23E00DCA096 /* Base */ = {isa = PBXFileReference; lastKnownFileType = file.storyboard; name = Base; path = Base.lproj/LaunchScreen.storyboard; sourceTree = "<group>"; };
		55A5D72529B1D23E00DCA096 /* Info.plist */ = {isa = PBXFileReference; lastKnownFileType = text.plist.xml; path = Info.plist; sourceTree = "<group>"; };
		55A5D7E829B1D9A900DCA096 /* OpenAIModelType.swift */ = {isa = PBXFileReference; fileEncoding = 4; lastKnownFileType = sourcecode.swift; path = OpenAIModelType.swift; sourceTree = "<group>"; };
		55A5D7F629B1DFF200DCA096 /* PTChatViewController.swift */ = {isa = PBXFileReference; lastKnownFileType = sourcecode.swift; path = PTChatViewController.swift; sourceTree = "<group>"; };
		55A5D7FB29B1E41400DCA096 /* PTChatUser.swift */ = {isa = PBXFileReference; lastKnownFileType = sourcecode.swift; path = PTChatUser.swift; sourceTree = "<group>"; };
		55A5D7FD29B1EEF400DCA096 /* PTChatData.swift */ = {isa = PBXFileReference; lastKnownFileType = sourcecode.swift; path = PTChatData.swift; sourceTree = "<group>"; };
		55A5D80029B1F29800DCA096 /* PTMessageModel.swift */ = {isa = PBXFileReference; lastKnownFileType = sourcecode.swift; path = PTMessageModel.swift; sourceTree = "<group>"; };
		55A5D80529B242CF00DCA096 /* PTSettingViewController.swift */ = {isa = PBXFileReference; lastKnownFileType = sourcecode.swift; path = PTSettingViewController.swift; sourceTree = "<group>"; };
		55ADCD9129D6BB500092F3D4 /* PTChatMasterControl.swift */ = {isa = PBXFileReference; lastKnownFileType = sourcecode.swift; path = PTChatMasterControl.swift; sourceTree = "<group>"; };
		55B2745029CE23EA00E05736 /* CartoonGanModel.swift */ = {isa = PBXFileReference; fileEncoding = 4; lastKnownFileType = sourcecode.swift; path = CartoonGanModel.swift; sourceTree = "<group>"; };
		55B2745129CE23EA00E05736 /* Model.swift */ = {isa = PBXFileReference; fileEncoding = 4; lastKnownFileType = sourcecode.swift; path = Model.swift; sourceTree = "<group>"; };
		55B2745329CE23EA00E05736 /* StyleTransfererModel.swift */ = {isa = PBXFileReference; fileEncoding = 4; lastKnownFileType = sourcecode.swift; path = StyleTransfererModel.swift; sourceTree = "<group>"; };
		55B2745429CE23EA00E05736 /* StyleTransferer.swift */ = {isa = PBXFileReference; fileEncoding = 4; lastKnownFileType = sourcecode.swift; path = StyleTransferer.swift; sourceTree = "<group>"; };
		55B2745C29CE240E00E05736 /* style_transfer_quantized_384.tflite */ = {isa = PBXFileReference; lastKnownFileType = file; path = style_transfer_quantized_384.tflite; sourceTree = "<group>"; };
		55B2745D29CE240E00E05736 /* style_predict_quantized_256.tflite */ = {isa = PBXFileReference; lastKnownFileType = file; path = style_predict_quantized_256.tflite; sourceTree = "<group>"; };
		55B2745E29CE240E00E05736 /* cartoongan_int8.tflite */ = {isa = PBXFileReference; lastKnownFileType = file; path = cartoongan_int8.tflite; sourceTree = "<group>"; };
		55B2746229CE24DA00E05736 /* Data+Array+Convert.swift */ = {isa = PBXFileReference; fileEncoding = 4; lastKnownFileType = sourcecode.swift; path = "Data+Array+Convert.swift"; sourceTree = "<group>"; };
		55B2746429CE250D00E05736 /* TFLiteExtension.swift */ = {isa = PBXFileReference; fileEncoding = 4; lastKnownFileType = sourcecode.swift; path = TFLiteExtension.swift; sourceTree = "<group>"; };
		55B69D9B29E2B76800468222 /* PTStableDiffusionModelCell.swift */ = {isa = PBXFileReference; lastKnownFileType = sourcecode.swift; path = PTStableDiffusionModelCell.swift; sourceTree = "<group>"; };
		55B69D9D29E2F53500468222 /* PTDownloadModelModel.swift */ = {isa = PBXFileReference; lastKnownFileType = sourcecode.swift; path = PTDownloadModelModel.swift; sourceTree = "<group>"; };
		55BD5B7B29C613070023458A /* PTSettingFooter.swift */ = {isa = PBXFileReference; lastKnownFileType = sourcecode.swift; path = PTSettingFooter.swift; sourceTree = "<group>"; };
		55BD5B8929C6AE2C0023458A /* PTSegHistoryModel.swift */ = {isa = PBXFileReference; lastKnownFileType = sourcecode.swift; path = PTSegHistoryModel.swift; sourceTree = "<group>"; };
		55BD5B8D29C7074A0023458A /* PTPopoverControl.swift */ = {isa = PBXFileReference; lastKnownFileType = sourcecode.swift; path = PTPopoverControl.swift; sourceTree = "<group>"; };
		55BD5B8F29C708BF0023458A /* PTPopoverCell.swift */ = {isa = PBXFileReference; lastKnownFileType = sourcecode.swift; path = PTPopoverCell.swift; sourceTree = "<group>"; };
		55BD5B9129C7E4110023458A /* PTPopoverMenuControl.swift */ = {isa = PBXFileReference; lastKnownFileType = sourcecode.swift; path = PTPopoverMenuControl.swift; sourceTree = "<group>"; };
		55BD5B9829C801700023458A /* PTCoachModel.swift */ = {isa = PBXFileReference; lastKnownFileType = sourcecode.swift; path = PTCoachModel.swift; sourceTree = "<group>"; };
		55BD5B9A29C8424A0023458A /* PTDarkModeControl.swift */ = {isa = PBXFileReference; lastKnownFileType = sourcecode.swift; path = PTDarkModeControl.swift; sourceTree = "<group>"; };
		55BD5B9C29C843EA0023458A /* PTDarkModeHeader.swift */ = {isa = PBXFileReference; lastKnownFileType = sourcecode.swift; path = PTDarkModeHeader.swift; sourceTree = "<group>"; };
		55BD5B9E29C850AC0023458A /* PTDarkSmartFooter.swift */ = {isa = PBXFileReference; lastKnownFileType = sourcecode.swift; path = PTDarkSmartFooter.swift; sourceTree = "<group>"; };
		55BD5BA029C85F9E0023458A /* PTDarkFollowSystemFooter.swift */ = {isa = PBXFileReference; lastKnownFileType = sourcecode.swift; path = PTDarkFollowSystemFooter.swift; sourceTree = "<group>"; };
		55BD5BAE29CA13BA0023458A /* PTPopoverFooter.swift */ = {isa = PBXFileReference; lastKnownFileType = sourcecode.swift; path = PTPopoverFooter.swift; sourceTree = "<group>"; };
		55C6BCCE29C4602B00A6B668 /* PTChatGPT.entitlements */ = {isa = PBXFileReference; lastKnownFileType = text.plist.entitlements; path = PTChatGPT.entitlements; sourceTree = "<group>"; };
		55D752F529D1FCF8005CE46B /* SampleJson.json */ = {isa = PBXFileReference; fileEncoding = 4; lastKnownFileType = text.json; path = SampleJson.json; sourceTree = "<group>"; };
		55D752F829D1FDA2005CE46B /* PTSampleModels.swift */ = {isa = PBXFileReference; lastKnownFileType = sourcecode.swift; path = PTSampleModels.swift; sourceTree = "<group>"; };
		55D752FA29D27B54005CE46B /* PTSuggesstionViewController.swift */ = {isa = PBXFileReference; lastKnownFileType = sourcecode.swift; path = PTSuggesstionViewController.swift; sourceTree = "<group>"; };
		55D752FC29D280E6005CE46B /* PTSuggesstionCell.swift */ = {isa = PBXFileReference; lastKnownFileType = sourcecode.swift; path = PTSuggesstionCell.swift; sourceTree = "<group>"; };
		55DF4BFB29DFFABF0077F8F7 /* PTCostCell.swift */ = {isa = PBXFileReference; lastKnownFileType = sourcecode.swift; path = PTCostCell.swift; sourceTree = "<group>"; };
		55DF5C5029E06EB00077F8F7 /* PTSableDiffusion.swift */ = {isa = PBXFileReference; fileEncoding = 4; lastKnownFileType = sourcecode.swift; path = PTSableDiffusion.swift; sourceTree = "<group>"; };
		55DF64A329E07DE40077F8F7 /* PTDiffusionViewController.swift */ = {isa = PBXFileReference; lastKnownFileType = sourcecode.swift; path = PTDiffusionViewController.swift; sourceTree = "<group>"; };
		55F2099B29D8AEA90034A6AF /* PTChatGPTBaseModel.swift */ = {isa = PBXFileReference; lastKnownFileType = sourcecode.swift; path = PTChatGPTBaseModel.swift; sourceTree = "<group>"; };
		55F7A65C29D4012B00CF6272 /* PTSuggestionControl.swift */ = {isa = PBXFileReference; lastKnownFileType = sourcecode.swift; path = PTSuggestionControl.swift; sourceTree = "<group>"; };
		55F7A8BF29D6AC7800CF6272 /* PTSplitViewController.swift */ = {isa = PBXFileReference; lastKnownFileType = sourcecode.swift; path = PTSplitViewController.swift; sourceTree = "<group>"; };
		7E66237D0C268E8EEFD172D0 /* Pods-PTChatGPT.release.xcconfig */ = {isa = PBXFileReference; includeInIndex = 1; lastKnownFileType = text.xcconfig; name = "Pods-PTChatGPT.release.xcconfig"; path = "Target Support Files/Pods-PTChatGPT/Pods-PTChatGPT.release.xcconfig"; sourceTree = "<group>"; };
		E708929BECBB7DC383FA473B /* Pods-PTChatGPT.debug.xcconfig */ = {isa = PBXFileReference; includeInIndex = 1; lastKnownFileType = text.xcconfig; name = "Pods-PTChatGPT.debug.xcconfig"; path = "Target Support Files/Pods-PTChatGPT/Pods-PTChatGPT.debug.xcconfig"; sourceTree = "<group>"; };
/* End PBXFileReference section */

/* Begin PBXFrameworksBuildPhase section */
		55A5D71129B1D23D00DCA096 /* Frameworks */ = {
			isa = PBXFrameworksBuildPhase;
			buildActionMask = 2147483647;
			files = (
				EC91DE097C54ED7562DD3DCA /* Pods_PTChatGPT.framework in Frameworks */,
				5503C51629CB273A00B00BE1 /* MessageKit in Frameworks */,
				552B41CA29D14A5200065892 /* AppStoreConnect-Swift-SDK in Frameworks */,
				552A609629D7EACF00239210 /* OSSSpeechKit in Frameworks */,
				55833D3029E13C2F004B754D /* GradientProgressView in Frameworks */,
			);
			runOnlyForDeploymentPostprocessing = 0;
		};
/* End PBXFrameworksBuildPhase section */

/* Begin PBXGroup section */
		1EB95C271CA96D32EDFCC020 /* Frameworks */ = {
			isa = PBXGroup;
			children = (
				372877C61B4F76BA38F0C55D /* Pods_PTChatGPT.framework */,
			);
			name = Frameworks;
			sourceTree = "<group>";
		};
		5512AB7A29B470160059D840 /* Function */ = {
			isa = PBXGroup;
			children = (
				5512AB7B29B470310059D840 /* PTAudioPlayer.swift */,
				55796A2129BD6DCE00574DD4 /* PTSoundRecorder.swift */,
			);
			path = Function;
			sourceTree = "<group>";
		};
		5514B36F29B9CBDD00890161 /* Views */ = {
			isa = PBXGroup;
			children = (
				55796A2329BD6E2A00574DD4 /* PTSoundVisualizerView.swift */,
				5514B37029B9CBFD00890161 /* PTChatCustomCell.swift */,
				5520905A29C35903009B30A1 /* PTVoiceActionView.swift */,
				55BD5B8F29C708BF0023458A /* PTPopoverCell.swift */,
				55BD5BAE29CA13BA0023458A /* PTPopoverFooter.swift */,
				55D752FC29D280E6005CE46B /* PTSuggesstionCell.swift */,
			);
			path = Views;
			sourceTree = "<group>";
		};
		5514B37229B9D4E600890161 /* Models */ = {
			isa = PBXGroup;
			children = (
				55BD5B8929C6AE2C0023458A /* PTSegHistoryModel.swift */,
				5514B37329B9D50D00890161 /* PTChatModel.swift */,
				55BD5B9829C801700023458A /* PTCoachModel.swift */,
			);
			path = Models;
			sourceTree = "<group>";
		};
		5514B37B29BA100A00890161 /* Views */ = {
			isa = PBXGroup;
			children = (
				5514B39129BB013000890161 /* DarkModePickerView.swift */,
				55278F3129BB7BF100615B0D /* PTAISmartCell.swift */,
				55BD5BA029C85F9E0023458A /* PTDarkFollowSystemFooter.swift */,
				55BD5B9C29C843EA0023458A /* PTDarkModeHeader.swift */,
				55BD5B9E29C850AC0023458A /* PTDarkSmartFooter.swift */,
				55BD5B7B29C613070023458A /* PTSettingFooter.swift */,
				5514B37C29BA102400890161 /* PTSettingHeader.swift */,
				55B69D9B29E2B76800468222 /* PTStableDiffusionModelCell.swift */,
			);
			path = Views;
			sourceTree = "<group>";
		};
		5514B37E29BA110D00890161 /* Models */ = {
			isa = PBXGroup;
			children = (
				5514B37F29BA112A00890161 /* PTSettingModels.swift */,
				55B69D9D29E2F53500468222 /* PTDownloadModelModel.swift */,
			);
			path = Models;
			sourceTree = "<group>";
		};
		5514B38529BAE76600890161 /* Tools */ = {
			isa = PBXGroup;
			children = (
				5514B38829BAE7E400890161 /* SwipeCellOption.swift */,
				5514B38629BAE76D00890161 /* PTShareItem.swift */,
				5520905829C3587C009B30A1 /* PTBaseMaskView.swift */,
			);
			path = Tools;
			sourceTree = "<group>";
		};
		5526D05029E41D9D00585EC8 /* LocalFile */ = {
			isa = PBXGroup;
			children = (
				5526D05129E41D9D00585EC8 /* Model */,
				5526D05329E41D9D00585EC8 /* ViewController */,
				5526D05529E41D9D00585EC8 /* Views */,
			);
			path = LocalFile;
			sourceTree = "<group>";
		};
		5526D05129E41D9D00585EC8 /* Model */ = {
			isa = PBXGroup;
			children = (
				5526D05229E41D9D00585EC8 /* PTLocalFileModel.swift */,
			);
			path = Model;
			sourceTree = "<group>";
		};
		5526D05329E41D9D00585EC8 /* ViewController */ = {
			isa = PBXGroup;
			children = (
				5526D05429E41D9D00585EC8 /* PTLocalFileViewController.swift */,
			);
			path = ViewController;
			sourceTree = "<group>";
		};
		5526D05529E41D9D00585EC8 /* Views */ = {
			isa = PBXGroup;
			children = (
				5526D05629E41D9D00585EC8 /* PTLocalFileCell.swift */,
			);
			path = Views;
			sourceTree = "<group>";
		};
		552A609929D819A100239210 /* API */ = {
			isa = PBXGroup;
			children = (
				552A60A229D85C9900239210 /* Utils */,
				552A609B29D819BC00239210 /* Model */,
				552A609A29D819B100239210 /* Function */,
			);
			path = API;
			sourceTree = "<group>";
		};
		552A609A29D819B100239210 /* Function */ = {
			isa = PBXGroup;
			children = (
				552A609729D7F0E200239210 /* PTChatApiFunction.swift */,
			);
			path = Function;
			sourceTree = "<group>";
		};
		552A609B29D819BC00239210 /* Model */ = {
			isa = PBXGroup;
			children = (
				55A5D7E829B1D9A900DCA096 /* OpenAIModelType.swift */,
				552A609E29D831BD00239210 /* PTAICompletionsModel.swift */,
				552A60A029D8390500239210 /* PTAIEditsModel.swift */,
				552A609C29D819F500239210 /* PTAIModerationdModel.swift */,
				55F2099B29D8AEA90034A6AF /* PTChatGPTBaseModel.swift */,
				552A60A529D85EF100239210 /* PTImageGeneration.swift */,
				5539463E29D8822900FFB312 /* PTReceiveChatModel.swift */,
				5539463C29D8794500FFB312 /* PTSendChatModel.swift */,
			);
			path = Model;
			sourceTree = "<group>";
		};
		552A60A229D85C9900239210 /* Utils */ = {
			isa = PBXGroup;
			children = (
				5509372C29DD1C82007FA668 /* PTClampedProperyWrapper.swift */,
			);
			path = Utils;
			sourceTree = "<group>";
		};
		5554FE8D29DFE94E00C29F8A /* CostHistory */ = {
			isa = PBXGroup;
			children = (
				55DF4BFA29DFFA9D0077F8F7 /* View */,
				5554FE8F29DFE96600C29F8A /* Model */,
				5554FE8E29DFE95900C29F8A /* ViewController */,
			);
			path = CostHistory;
			sourceTree = "<group>";
		};
		5554FE8E29DFE95900C29F8A /* ViewController */ = {
			isa = PBXGroup;
			children = (
				5554FE9229DFF1F400C29F8A /* PTCostHistoriaViewController.swift */,
			);
			path = ViewController;
			sourceTree = "<group>";
		};
		5554FE8F29DFE96600C29F8A /* Model */ = {
			isa = PBXGroup;
			children = (
				5554FE9029DFE99400C29F8A /* PTCostMainModel.swift */,
			);
			path = Model;
			sourceTree = "<group>";
		};
		55A5D70B29B1D23D00DCA096 = {
			isa = PBXGroup;
			children = (
				55A5D71629B1D23D00DCA096 /* PTChatGPT */,
				55A5D71529B1D23D00DCA096 /* Products */,
				98AAC1E7648563A53AAC739A /* Pods */,
				1EB95C271CA96D32EDFCC020 /* Frameworks */,
			);
			sourceTree = "<group>";
		};
		55A5D71529B1D23D00DCA096 /* Products */ = {
			isa = PBXGroup;
			children = (
				55A5D71429B1D23D00DCA096 /* Chat走啦.app */,
			);
			name = Products;
			sourceTree = "<group>";
		};
		55A5D71629B1D23D00DCA096 /* PTChatGPT */ = {
			isa = PBXGroup;
			children = (
				55DF542629E06E0B0077F8F7 /* AiDraw */,
				552A609929D819A100239210 /* API */,
				55A5D71729B1D23D00DCA096 /* AppDelegate.swift */,
				55A5D72029B1D23E00DCA096 /* Assets.xcassets */,
				55A5D7FF29B1EFA000DCA096 /* Base */,
				55B2744F29CE23EA00E05736 /* CartoonGanModel */,
				55A5D7F429B1DFCD00DCA096 /* Chat */,
				5554FE8D29DFE94E00C29F8A /* CostHistory */,
				55A5D72529B1D23E00DCA096 /* Info.plist */,
				55F7A8BD29D6AC2D00CF6272 /* iPadControl */,
				55A5D72229B1D23E00DCA096 /* LaunchScreen.storyboard */,
				5526D05029E41D9D00585EC8 /* LocalFile */,
				5514B39E29BB127F00890161 /* Localizable.strings */,
				55A5D71D29B1D23D00DCA096 /* Main.storyboard */,
				55C6BCCE29C4602B00A6B668 /* PTChatGPT.entitlements */,
				55D752F429D1FCED005CE46B /* Resource */,
				55A5D80329B2429300DCA096 /* SettingInfo */,
				5514B38529BAE76600890161 /* Tools */,
			);
			path = PTChatGPT;
			sourceTree = "<group>";
		};
		55A5D7F429B1DFCD00DCA096 /* Chat */ = {
			isa = PBXGroup;
			children = (
				5512AB7A29B470160059D840 /* Function */,
				5514B37229B9D4E600890161 /* Models */,
				55A5D7F529B1DFD500DCA096 /* ViewController */,
				5514B36F29B9CBDD00890161 /* Views */,
			);
			path = Chat;
			sourceTree = "<group>";
		};
		55A5D7F529B1DFD500DCA096 /* ViewController */ = {
			isa = PBXGroup;
			children = (
				55A5D7F629B1DFF200DCA096 /* PTChatViewController.swift */,
				55BD5B8D29C7074A0023458A /* PTPopoverControl.swift */,
				55BD5B9129C7E4110023458A /* PTPopoverMenuControl.swift */,
				55D752FA29D27B54005CE46B /* PTSuggesstionViewController.swift */,
				55F7A65C29D4012B00CF6272 /* PTSuggestionControl.swift */,
				55DF64A329E07DE40077F8F7 /* PTDiffusionViewController.swift */,
			);
			path = ViewController;
			sourceTree = "<group>";
		};
		55A5D7FF29B1EFA000DCA096 /* Base */ = {
			isa = PBXGroup;
			children = (
				5514B39829BB024D00890161 /* HSNavControl.swift */,
				5514B38A29BAF5E900890161 /* PTNavController.swift */,
				55A5D7FB29B1E41400DCA096 /* PTChatUser.swift */,
				55A5D7FD29B1EEF400DCA096 /* PTChatData.swift */,
				55A5D80029B1F29800DCA096 /* PTMessageModel.swift */,
				5514B37529B9F5AC00890161 /* PTAppConfig.swift */,
				5514B37929BA02E300890161 /* PTChatBaseViewController.swift */,
				552B41C229D1358300065892 /* PTApp3PartyKey.swift */,
				552B41C429D135AE00065892 /* PTCheckTestFlight.swift */,
			);
			path = Base;
			sourceTree = "<group>";
		};
		55A5D80329B2429300DCA096 /* SettingInfo */ = {
			isa = PBXGroup;
			children = (
				5514B37E29BA110D00890161 /* Models */,
				5514B37B29BA100A00890161 /* Views */,
				55A5D80429B242B400DCA096 /* ViewController */,
			);
			path = SettingInfo;
			sourceTree = "<group>";
		};
		55A5D80429B242B400DCA096 /* ViewController */ = {
			isa = PBXGroup;
			children = (
				5514B38129BA14C400890161 /* PTColorSettingViewController.swift */,
				55BD5B9A29C8424A0023458A /* PTDarkModeControl.swift */,
				5514B38C29BAFA6A00890161 /* PTDisclaimerViewController.swift */,
				5514B38329BA233A00890161 /* PTSaveChatViewController.swift */,
				5514B37729B9F87C00890161 /* PTSettingListViewController.swift */,
				55A5D80529B242CF00DCA096 /* PTSettingViewController.swift */,
				552B41C029D0A25C00065892 /* PTHelpViewController.swift */,
			);
			path = ViewController;
			sourceTree = "<group>";
		};
		55B2744F29CE23EA00E05736 /* CartoonGanModel */ = {
			isa = PBXGroup;
			children = (
				55B2745029CE23EA00E05736 /* CartoonGanModel.swift */,
				55B2746229CE24DA00E05736 /* Data+Array+Convert.swift */,
				55B2745B29CE240E00E05736 /* Model */,
				55B2745129CE23EA00E05736 /* Model.swift */,
				55B2745229CE23EA00E05736 /* Stylization */,
				55B2746429CE250D00E05736 /* TFLiteExtension.swift */,
			);
			path = CartoonGanModel;
			sourceTree = "<group>";
		};
		55B2745229CE23EA00E05736 /* Stylization */ = {
			isa = PBXGroup;
			children = (
				55B2745329CE23EA00E05736 /* StyleTransfererModel.swift */,
				55B2745429CE23EA00E05736 /* StyleTransferer.swift */,
			);
			path = Stylization;
			sourceTree = "<group>";
		};
		55B2745B29CE240E00E05736 /* Model */ = {
			isa = PBXGroup;
			children = (
				55B2745C29CE240E00E05736 /* style_transfer_quantized_384.tflite */,
				55B2745D29CE240E00E05736 /* style_predict_quantized_256.tflite */,
				55B2745E29CE240E00E05736 /* cartoongan_int8.tflite */,
			);
			path = Model;
			sourceTree = "<group>";
		};
		55D752F429D1FCED005CE46B /* Resource */ = {
			isa = PBXGroup;
			children = (
				55D752F729D1FD8E005CE46B /* Model */,
				55D752F529D1FCF8005CE46B /* SampleJson.json */,
			);
			path = Resource;
			sourceTree = "<group>";
		};
		55D752F729D1FD8E005CE46B /* Model */ = {
			isa = PBXGroup;
			children = (
				55D752F829D1FDA2005CE46B /* PTSampleModels.swift */,
			);
			path = Model;
			sourceTree = "<group>";
		};
		55DF4BFA29DFFA9D0077F8F7 /* View */ = {
			isa = PBXGroup;
			children = (
				55DF4BFB29DFFABF0077F8F7 /* PTCostCell.swift */,
			);
			path = View;
			sourceTree = "<group>";
		};
		55DF542629E06E0B0077F8F7 /* AiDraw */ = {
			isa = PBXGroup;
			children = (
				55DF5C5029E06EB00077F8F7 /* PTSableDiffusion.swift */,
			);
			path = AiDraw;
			sourceTree = "<group>";
		};
		55F7A8BD29D6AC2D00CF6272 /* iPadControl */ = {
			isa = PBXGroup;
			children = (
				55F7A8BE29D6AC3800CF6272 /* ViewController */,
			);
			path = iPadControl;
			sourceTree = "<group>";
		};
		55F7A8BE29D6AC3800CF6272 /* ViewController */ = {
			isa = PBXGroup;
			children = (
				55F7A8BF29D6AC7800CF6272 /* PTSplitViewController.swift */,
				55ADCD9129D6BB500092F3D4 /* PTChatMasterControl.swift */,
			);
			path = ViewController;
			sourceTree = "<group>";
		};
		98AAC1E7648563A53AAC739A /* Pods */ = {
			isa = PBXGroup;
			children = (
				E708929BECBB7DC383FA473B /* Pods-PTChatGPT.debug.xcconfig */,
				7E66237D0C268E8EEFD172D0 /* Pods-PTChatGPT.release.xcconfig */,
			);
			path = Pods;
			sourceTree = "<group>";
		};
/* End PBXGroup section */

/* Begin PBXNativeTarget section */
		55A5D71329B1D23D00DCA096 /* PTChatGPT */ = {
			isa = PBXNativeTarget;
			buildConfigurationList = 55A5D72829B1D23E00DCA096 /* Build configuration list for PBXNativeTarget "PTChatGPT" */;
			buildPhases = (
				04CD76A81526D2DE8584A9A2 /* [CP] Check Pods Manifest.lock */,
				55A5D71029B1D23D00DCA096 /* Sources */,
				55A5D71129B1D23D00DCA096 /* Frameworks */,
				55A5D71229B1D23D00DCA096 /* Resources */,
				84ECCE16EC8C5340A0C59EA8 /* [CP] Embed Pods Frameworks */,
				55278F2E29BB753E00615B0D /* ShellScript */,
			);
			buildRules = (
			);
			dependencies = (
			);
			name = PTChatGPT;
			packageProductDependencies = (
				5503C51529CB273A00B00BE1 /* MessageKit */,
				552B41C929D14A5200065892 /* AppStoreConnect-Swift-SDK */,
				552A609529D7EACF00239210 /* OSSSpeechKit */,
				55833D2F29E13C2F004B754D /* GradientProgressView */,
			);
			productName = PTChatGPT;
			productReference = 55A5D71429B1D23D00DCA096 /* Chat走啦.app */;
			productType = "com.apple.product-type.application";
		};
/* End PBXNativeTarget section */

/* Begin PBXProject section */
		55A5D70C29B1D23D00DCA096 /* Project object */ = {
			isa = PBXProject;
			attributes = {
				BuildIndependentTargetsInParallel = 1;
				CLASSPREFIX = PT;
				LastSwiftUpdateCheck = 1430;
				LastUpgradeCheck = 1430;
				ORGANIZATIONNAME = SexyBoy;
				TargetAttributes = {
					55A5D71329B1D23D00DCA096 = {
						CreatedOnToolsVersion = 14.3;
					};
				};
			};
			buildConfigurationList = 55A5D70F29B1D23D00DCA096 /* Build configuration list for PBXProject "PTChatGPT" */;
			compatibilityVersion = "Xcode 14.0";
			developmentRegion = "zh-HK";
			hasScannedForEncodings = 0;
			knownRegions = (
				Base,
				en,
				"zh-HK",
				"zh-Hans",
				es,
			);
			mainGroup = 55A5D70B29B1D23D00DCA096;
			packageReferences = (
				5503C51429CB273A00B00BE1 /* XCRemoteSwiftPackageReference "MessageKit" */,
				552B41C829D14A5200065892 /* XCRemoteSwiftPackageReference "appstoreconnect-swift-sdk" */,
				552A609429D7EACF00239210 /* XCRemoteSwiftPackageReference "OSSSpeechKit" */,
				55833D2E29E13C2F004B754D /* XCRemoteSwiftPackageReference "GradientProgressView" */,
			);
			productRefGroup = 55A5D71529B1D23D00DCA096 /* Products */;
			projectDirPath = "";
			projectRoot = "";
			targets = (
				55A5D71329B1D23D00DCA096 /* PTChatGPT */,
			);
		};
/* End PBXProject section */

/* Begin PBXResourcesBuildPhase section */
		55A5D71229B1D23D00DCA096 /* Resources */ = {
			isa = PBXResourcesBuildPhase;
			buildActionMask = 2147483647;
			files = (
				55B2746129CE240E00E05736 /* cartoongan_int8.tflite in Resources */,
				55B2745F29CE240E00E05736 /* style_transfer_quantized_384.tflite in Resources */,
				55A5D72429B1D23E00DCA096 /* LaunchScreen.storyboard in Resources */,
				55B2746029CE240E00E05736 /* style_predict_quantized_256.tflite in Resources */,
				5514B39C29BB127F00890161 /* Localizable.strings in Resources */,
				55A5D72129B1D23E00DCA096 /* Assets.xcassets in Resources */,
				55D752F629D1FCF8005CE46B /* SampleJson.json in Resources */,
				55A5D71F29B1D23D00DCA096 /* Main.storyboard in Resources */,
			);
			runOnlyForDeploymentPostprocessing = 0;
		};
/* End PBXResourcesBuildPhase section */

/* Begin PBXShellScriptBuildPhase section */
		04CD76A81526D2DE8584A9A2 /* [CP] Check Pods Manifest.lock */ = {
			isa = PBXShellScriptBuildPhase;
			buildActionMask = 2147483647;
			files = (
			);
			inputFileListPaths = (
			);
			inputPaths = (
				"${PODS_PODFILE_DIR_PATH}/Podfile.lock",
				"${PODS_ROOT}/Manifest.lock",
			);
			name = "[CP] Check Pods Manifest.lock";
			outputFileListPaths = (
			);
			outputPaths = (
				"$(DERIVED_FILE_DIR)/Pods-PTChatGPT-checkManifestLockResult.txt",
			);
			runOnlyForDeploymentPostprocessing = 0;
			shellPath = /bin/sh;
			shellScript = "diff \"${PODS_PODFILE_DIR_PATH}/Podfile.lock\" \"${PODS_ROOT}/Manifest.lock\" > /dev/null\nif [ $? != 0 ] ; then\n    # print error to STDERR\n    echo \"error: The sandbox is not in sync with the Podfile.lock. Run 'pod install' or update your CocoaPods installation.\" >&2\n    exit 1\nfi\n# This output is used by Xcode 'outputs' to avoid re-running this script phase.\necho \"SUCCESS\" > \"${SCRIPT_OUTPUT_FILE_0}\"\n";
			showEnvVarsInLog = 0;
		};
		55278F2E29BB753E00615B0D /* ShellScript */ = {
			isa = PBXShellScriptBuildPhase;
			buildActionMask = 2147483647;
			files = (
			);
			inputFileListPaths = (
			);
			inputPaths = (
			);
			outputFileListPaths = (
			);
			outputPaths = (
			);
			runOnlyForDeploymentPostprocessing = 0;
			shellPath = /bin/sh;
			shellScript = "!/bin/bash\nif [ \"Release\" != \"${CONFIGURATION}\" ]\nbuildNumber=$(date +%Y%m%d%H%M%S)\n/usr/libexec/PlistBuddy -c \"Set :CFBundleVersion $buildNumber\" \"$INFOPLIST_FILE\"\nthen\nbuildNumber=$(/usr/libexec/PlistBuddy -c \"Print CFBundleVersion\" \"$INFOPLIST_FILE\")\nbuildNumber=$(($buildNumber + 1))\n/usr/libexec/PlistBuddy -c \"Set :CFBundleVersion $buildNumber\" \"$INFOPLIST_FILE\"\nfi\n";
		};
		84ECCE16EC8C5340A0C59EA8 /* [CP] Embed Pods Frameworks */ = {
			isa = PBXShellScriptBuildPhase;
			buildActionMask = 2147483647;
			files = (
			);
			inputFileListPaths = (
				"${PODS_ROOT}/Target Support Files/Pods-PTChatGPT/Pods-PTChatGPT-frameworks-${CONFIGURATION}-input-files.xcfilelist",
			);
			name = "[CP] Embed Pods Frameworks";
			outputFileListPaths = (
				"${PODS_ROOT}/Target Support Files/Pods-PTChatGPT/Pods-PTChatGPT-frameworks-${CONFIGURATION}-output-files.xcfilelist",
			);
			runOnlyForDeploymentPostprocessing = 0;
			shellPath = /bin/sh;
			shellScript = "\"${PODS_ROOT}/Target Support Files/Pods-PTChatGPT/Pods-PTChatGPT-frameworks.sh\"\n";
			showEnvVarsInLog = 0;
		};
/* End PBXShellScriptBuildPhase section */

/* Begin PBXSourcesBuildPhase section */
		55A5D71029B1D23D00DCA096 /* Sources */ = {
			isa = PBXSourcesBuildPhase;
			buildActionMask = 2147483647;
			files = (
				5526D05829E41D9D00585EC8 /* PTLocalFileViewController.swift in Sources */,
				55ADCD9229D6BB500092F3D4 /* PTChatMasterControl.swift in Sources */,
				5509372D29DD1C82007FA668 /* PTClampedProperyWrapper.swift in Sources */,
				552B41C329D1358300065892 /* PTApp3PartyKey.swift in Sources */,
				552B41C529D135AE00065892 /* PTCheckTestFlight.swift in Sources */,
				5539463D29D8794500FFB312 /* PTSendChatModel.swift in Sources */,
				55BD5B9929C801700023458A /* PTCoachModel.swift in Sources */,
				55B2745829CE23EA00E05736 /* StyleTransfererModel.swift in Sources */,
				55B2745629CE23EA00E05736 /* CartoonGanModel.swift in Sources */,
				55DF4BFC29DFFABF0077F8F7 /* PTCostCell.swift in Sources */,
				552A60A129D8390500239210 /* PTAIEditsModel.swift in Sources */,
				5514B39529BB013000890161 /* DarkModePickerView.swift in Sources */,
				55BD5B9D29C843EA0023458A /* PTDarkModeHeader.swift in Sources */,
				55BD5B7C29C613070023458A /* PTSettingFooter.swift in Sources */,
				55F2099C29D8AEA90034A6AF /* PTChatGPTBaseModel.swift in Sources */,
				55BD5B8A29C6AE2C0023458A /* PTSegHistoryModel.swift in Sources */,
				55796A2429BD6E2A00574DD4 /* PTSoundVisualizerView.swift in Sources */,
				55BD5B9F29C850AC0023458A /* PTDarkSmartFooter.swift in Sources */,
				5526D05929E41D9D00585EC8 /* PTLocalFileCell.swift in Sources */,
				55BD5BAF29CA13BA0023458A /* PTPopoverFooter.swift in Sources */,
				55BD5BA129C85F9E0023458A /* PTDarkFollowSystemFooter.swift in Sources */,
				552B41C129D0A25C00065892 /* PTHelpViewController.swift in Sources */,
				5514B38429BA233A00890161 /* PTSaveChatViewController.swift in Sources */,
				5514B38B29BAF5E900890161 /* PTNavController.swift in Sources */,
				55B2745929CE23EA00E05736 /* StyleTransferer.swift in Sources */,
				55A5D7F729B1DFF200DCA096 /* PTChatViewController.swift in Sources */,
				5514B38229BA14C400890161 /* PTColorSettingViewController.swift in Sources */,
				55278F3229BB7BF100615B0D /* PTAISmartCell.swift in Sources */,
				55B2746529CE250D00E05736 /* TFLiteExtension.swift in Sources */,
				55B2745729CE23EA00E05736 /* Model.swift in Sources */,
				5514B39929BB024D00890161 /* HSNavControl.swift in Sources */,
				5514B37A29BA02E300890161 /* PTChatBaseViewController.swift in Sources */,
				55A5D80629B242CF00DCA096 /* PTSettingViewController.swift in Sources */,
				5514B37D29BA102400890161 /* PTSettingHeader.swift in Sources */,
				55A5D7FE29B1EEF400DCA096 /* PTChatData.swift in Sources */,
				55F7A65D29D4012B00CF6272 /* PTSuggestionControl.swift in Sources */,
				552A609F29D831BD00239210 /* PTAICompletionsModel.swift in Sources */,
				55A5D71829B1D23D00DCA096 /* AppDelegate.swift in Sources */,
				5554FE9129DFE99400C29F8A /* PTCostMainModel.swift in Sources */,
				5514B38729BAE76E00890161 /* PTShareItem.swift in Sources */,
				55F7A8C029D6AC7800CF6272 /* PTSplitViewController.swift in Sources */,
				5520905B29C35903009B30A1 /* PTVoiceActionView.swift in Sources */,
				55BD5B9229C7E4110023458A /* PTPopoverMenuControl.swift in Sources */,
				5554FE9329DFF1F400C29F8A /* PTCostHistoriaViewController.swift in Sources */,
				55D752FB29D27B54005CE46B /* PTSuggesstionViewController.swift in Sources */,
				55D752F929D1FDA2005CE46B /* PTSampleModels.swift in Sources */,
				5514B38929BAE7E400890161 /* SwipeCellOption.swift in Sources */,
				552A609829D7F0E200239210 /* PTChatApiFunction.swift in Sources */,
				55BD5B9B29C8424A0023458A /* PTDarkModeControl.swift in Sources */,
				55D752FD29D280E6005CE46B /* PTSuggesstionCell.swift in Sources */,
				552A609D29D819F500239210 /* PTAIModerationdModel.swift in Sources */,
				5514B38029BA112A00890161 /* PTSettingModels.swift in Sources */,
				5539463F29D8822900FFB312 /* PTReceiveChatModel.swift in Sources */,
				55796A2229BD6DCE00574DD4 /* PTSoundRecorder.swift in Sources */,
				5512AB7C29B470310059D840 /* PTAudioPlayer.swift in Sources */,
				55DF5C5129E06EB00077F8F7 /* PTSableDiffusion.swift in Sources */,
				5520905929C3587C009B30A1 /* PTBaseMaskView.swift in Sources */,
				55B69D9E29E2F53500468222 /* PTDownloadModelModel.swift in Sources */,
				5514B37429B9D50D00890161 /* PTChatModel.swift in Sources */,
				55B69D9C29E2B76800468222 /* PTStableDiffusionModelCell.swift in Sources */,
				55A5D80129B1F29800DCA096 /* PTMessageModel.swift in Sources */,
				5514B37829B9F87C00890161 /* PTSettingListViewController.swift in Sources */,
				55B2746329CE24DA00E05736 /* Data+Array+Convert.swift in Sources */,
				552A60A629D85EF100239210 /* PTImageGeneration.swift in Sources */,
				5526D05729E41D9D00585EC8 /* PTLocalFileModel.swift in Sources */,
				55DF64A429E07DE40077F8F7 /* PTDiffusionViewController.swift in Sources */,
				5514B37629B9F5AC00890161 /* PTAppConfig.swift in Sources */,
				5514B37129B9CBFD00890161 /* PTChatCustomCell.swift in Sources */,
				55BD5B8E29C7074B0023458A /* PTPopoverControl.swift in Sources */,
				55BD5B9029C708BF0023458A /* PTPopoverCell.swift in Sources */,
				55A5D7EE29B1D9A900DCA096 /* OpenAIModelType.swift in Sources */,
				5514B38D29BAFA6A00890161 /* PTDisclaimerViewController.swift in Sources */,
				55A5D7FC29B1E41400DCA096 /* PTChatUser.swift in Sources */,
			);
			runOnlyForDeploymentPostprocessing = 0;
		};
/* End PBXSourcesBuildPhase section */

/* Begin PBXVariantGroup section */
		5514B39E29BB127F00890161 /* Localizable.strings */ = {
			isa = PBXVariantGroup;
			children = (
				5514B3A629BB136900890161 /* en */,
				5514B3A929BB137100890161 /* zh-HK */,
				5514B3AC29BB138100890161 /* zh-Hans */,
				5514B3AF29BB139800890161 /* es */,
			);
			name = Localizable.strings;
			sourceTree = "<group>";
		};
		55A5D71D29B1D23D00DCA096 /* Main.storyboard */ = {
			isa = PBXVariantGroup;
			children = (
				55A5D71E29B1D23D00DCA096 /* Base */,
				5514B3A429BB136900890161 /* en */,
				5514B3A729BB137100890161 /* zh-HK */,
				5514B3AA29BB138100890161 /* zh-Hans */,
				5514B3AD29BB139800890161 /* es */,
			);
			name = Main.storyboard;
			sourceTree = "<group>";
		};
		55A5D72229B1D23E00DCA096 /* LaunchScreen.storyboard */ = {
			isa = PBXVariantGroup;
			children = (
				55A5D72329B1D23E00DCA096 /* Base */,
				5514B3A529BB136900890161 /* en */,
				5514B3A829BB137100890161 /* zh-HK */,
				5514B3AB29BB138100890161 /* zh-Hans */,
				5514B3AE29BB139800890161 /* es */,
			);
			name = LaunchScreen.storyboard;
			sourceTree = "<group>";
		};
/* End PBXVariantGroup section */

/* Begin XCBuildConfiguration section */
		55A5D72629B1D23E00DCA096 /* Debug */ = {
			isa = XCBuildConfiguration;
			buildSettings = {
				ALWAYS_SEARCH_USER_PATHS = NO;
				CLANG_ANALYZER_LOCALIZABILITY_NONLOCALIZED = YES;
				CLANG_ANALYZER_NONNULL = YES;
				CLANG_ANALYZER_NUMBER_OBJECT_CONVERSION = YES_AGGRESSIVE;
				CLANG_CXX_LANGUAGE_STANDARD = "gnu++20";
				CLANG_ENABLE_MODULES = YES;
				CLANG_ENABLE_OBJC_ARC = YES;
				CLANG_ENABLE_OBJC_WEAK = YES;
				CLANG_WARN_BLOCK_CAPTURE_AUTORELEASING = YES;
				CLANG_WARN_BOOL_CONVERSION = YES;
				CLANG_WARN_COMMA = YES;
				CLANG_WARN_CONSTANT_CONVERSION = YES;
				CLANG_WARN_DEPRECATED_OBJC_IMPLEMENTATIONS = YES;
				CLANG_WARN_DIRECT_OBJC_ISA_USAGE = YES_ERROR;
				CLANG_WARN_DOCUMENTATION_COMMENTS = YES;
				CLANG_WARN_EMPTY_BODY = YES;
				CLANG_WARN_ENUM_CONVERSION = YES;
				CLANG_WARN_INFINITE_RECURSION = YES;
				CLANG_WARN_INT_CONVERSION = YES;
				CLANG_WARN_NON_LITERAL_NULL_CONVERSION = YES;
				CLANG_WARN_OBJC_IMPLICIT_RETAIN_SELF = YES;
				CLANG_WARN_OBJC_LITERAL_CONVERSION = YES;
				CLANG_WARN_OBJC_ROOT_CLASS = YES_ERROR;
				CLANG_WARN_QUOTED_INCLUDE_IN_FRAMEWORK_HEADER = YES;
				CLANG_WARN_RANGE_LOOP_ANALYSIS = YES;
				CLANG_WARN_STRICT_PROTOTYPES = YES;
				CLANG_WARN_SUSPICIOUS_MOVE = YES;
				CLANG_WARN_UNGUARDED_AVAILABILITY = YES_AGGRESSIVE;
				CLANG_WARN_UNREACHABLE_CODE = YES;
				CLANG_WARN__DUPLICATE_METHOD_MATCH = YES;
				COPY_PHASE_STRIP = NO;
				DEBUG_INFORMATION_FORMAT = dwarf;
				ENABLE_STRICT_OBJC_MSGSEND = YES;
				ENABLE_TESTABILITY = YES;
				GCC_C_LANGUAGE_STANDARD = gnu11;
				GCC_DYNAMIC_NO_PIC = NO;
				GCC_NO_COMMON_BLOCKS = YES;
				GCC_OPTIMIZATION_LEVEL = 0;
				GCC_PREPROCESSOR_DEFINITIONS = (
					"DEBUG=1",
					"$(inherited)",
				);
				GCC_WARN_64_TO_32_BIT_CONVERSION = YES;
				GCC_WARN_ABOUT_RETURN_TYPE = YES_ERROR;
				GCC_WARN_UNDECLARED_SELECTOR = YES;
				GCC_WARN_UNINITIALIZED_AUTOS = YES_AGGRESSIVE;
				GCC_WARN_UNUSED_FUNCTION = YES;
				GCC_WARN_UNUSED_VARIABLE = YES;
				IPHONEOS_DEPLOYMENT_TARGET = 15.0;
				MTL_ENABLE_DEBUG_INFO = INCLUDE_SOURCE;
				MTL_FAST_MATH = YES;
				ONLY_ACTIVE_ARCH = YES;
				SDKROOT = iphoneos;
				SWIFT_ACTIVE_COMPILATION_CONDITIONS = DEBUG;
				SWIFT_OPTIMIZATION_LEVEL = "-Onone";
			};
			name = Debug;
		};
		55A5D72729B1D23E00DCA096 /* Release */ = {
			isa = XCBuildConfiguration;
			buildSettings = {
				ALWAYS_SEARCH_USER_PATHS = NO;
				CLANG_ANALYZER_LOCALIZABILITY_NONLOCALIZED = YES;
				CLANG_ANALYZER_NONNULL = YES;
				CLANG_ANALYZER_NUMBER_OBJECT_CONVERSION = YES_AGGRESSIVE;
				CLANG_CXX_LANGUAGE_STANDARD = "gnu++20";
				CLANG_ENABLE_MODULES = YES;
				CLANG_ENABLE_OBJC_ARC = YES;
				CLANG_ENABLE_OBJC_WEAK = YES;
				CLANG_WARN_BLOCK_CAPTURE_AUTORELEASING = YES;
				CLANG_WARN_BOOL_CONVERSION = YES;
				CLANG_WARN_COMMA = YES;
				CLANG_WARN_CONSTANT_CONVERSION = YES;
				CLANG_WARN_DEPRECATED_OBJC_IMPLEMENTATIONS = YES;
				CLANG_WARN_DIRECT_OBJC_ISA_USAGE = YES_ERROR;
				CLANG_WARN_DOCUMENTATION_COMMENTS = YES;
				CLANG_WARN_EMPTY_BODY = YES;
				CLANG_WARN_ENUM_CONVERSION = YES;
				CLANG_WARN_INFINITE_RECURSION = YES;
				CLANG_WARN_INT_CONVERSION = YES;
				CLANG_WARN_NON_LITERAL_NULL_CONVERSION = YES;
				CLANG_WARN_OBJC_IMPLICIT_RETAIN_SELF = YES;
				CLANG_WARN_OBJC_LITERAL_CONVERSION = YES;
				CLANG_WARN_OBJC_ROOT_CLASS = YES_ERROR;
				CLANG_WARN_QUOTED_INCLUDE_IN_FRAMEWORK_HEADER = YES;
				CLANG_WARN_RANGE_LOOP_ANALYSIS = YES;
				CLANG_WARN_STRICT_PROTOTYPES = YES;
				CLANG_WARN_SUSPICIOUS_MOVE = YES;
				CLANG_WARN_UNGUARDED_AVAILABILITY = YES_AGGRESSIVE;
				CLANG_WARN_UNREACHABLE_CODE = YES;
				CLANG_WARN__DUPLICATE_METHOD_MATCH = YES;
				COPY_PHASE_STRIP = NO;
				DEBUG_INFORMATION_FORMAT = "dwarf-with-dsym";
				ENABLE_NS_ASSERTIONS = NO;
				ENABLE_STRICT_OBJC_MSGSEND = YES;
				GCC_C_LANGUAGE_STANDARD = gnu11;
				GCC_NO_COMMON_BLOCKS = YES;
				GCC_WARN_64_TO_32_BIT_CONVERSION = YES;
				GCC_WARN_ABOUT_RETURN_TYPE = YES_ERROR;
				GCC_WARN_UNDECLARED_SELECTOR = YES;
				GCC_WARN_UNINITIALIZED_AUTOS = YES_AGGRESSIVE;
				GCC_WARN_UNUSED_FUNCTION = YES;
				GCC_WARN_UNUSED_VARIABLE = YES;
				IPHONEOS_DEPLOYMENT_TARGET = 15.0;
				MTL_ENABLE_DEBUG_INFO = NO;
				MTL_FAST_MATH = YES;
				SDKROOT = iphoneos;
				SWIFT_COMPILATION_MODE = wholemodule;
				SWIFT_OPTIMIZATION_LEVEL = "-O";
				VALIDATE_PRODUCT = YES;
			};
			name = Release;
		};
		55A5D72929B1D23E00DCA096 /* Debug */ = {
			isa = XCBuildConfiguration;
			baseConfigurationReference = E708929BECBB7DC383FA473B /* Pods-PTChatGPT.debug.xcconfig */;
			buildSettings = {
				ASSETCATALOG_COMPILER_APPICON_NAME = AppIcon;
				ASSETCATALOG_COMPILER_GLOBAL_ACCENT_COLOR_NAME = AccentColor;
				ASSETCATALOG_COMPILER_INCLUDE_ALL_APPICON_ASSETS = NO;
				CODE_SIGN_ENTITLEMENTS = PTChatGPT/PTChatGPT.entitlements;
				CODE_SIGN_STYLE = Automatic;
				CURRENT_PROJECT_VERSION = 1;
				DEVELOPMENT_TEAM = SFU2CNYFPC;
				GENERATE_INFOPLIST_FILE = NO;
				INFOPLIST_FILE = PTChatGPT/Info.plist;
				INFOPLIST_KEY_LSApplicationCategoryType = "public.app-category.utilities";
				INFOPLIST_KEY_NSMicrophoneUsageDescription = "我要用Mic";
				INFOPLIST_KEY_NSSpeechRecognitionUsageDescription = "我要用語音";
				INFOPLIST_KEY_UIApplicationSupportsIndirectInputEvents = YES;
				INFOPLIST_KEY_UILaunchScreen_Generation = YES;
				INFOPLIST_KEY_UILaunchStoryboardName = LaunchScreen;
				INFOPLIST_KEY_UIMainStoryboardFile = Main;
				INFOPLIST_KEY_UISupportedInterfaceOrientations_iPad = "UIInterfaceOrientationPortrait UIInterfaceOrientationPortraitUpsideDown UIInterfaceOrientationLandscapeLeft UIInterfaceOrientationLandscapeRight";
				INFOPLIST_KEY_UISupportedInterfaceOrientations_iPhone = "UIInterfaceOrientationPortrait UIInterfaceOrientationLandscapeLeft UIInterfaceOrientationLandscapeRight";
				IPHONEOS_DEPLOYMENT_TARGET = 15.0;
				LD_RUNPATH_SEARCH_PATHS = (
					"$(inherited)",
					"@executable_path/Frameworks",
				);
				MARKETING_VERSION = 1.0.9;
				ONLY_ACTIVE_ARCH = YES;
				PRODUCT_BUNDLE_IDENTIFIER = com.zola.chat;
				PRODUCT_NAME = "Chat走啦";
				SUPPORTED_PLATFORMS = "iphoneos iphonesimulator";
				SUPPORTS_MACCATALYST = NO;
				SUPPORTS_MAC_DESIGNED_FOR_IPHONE_IPAD = YES;
				SWIFT_EMIT_LOC_STRINGS = YES;
				SWIFT_VERSION = 5.0;
				TARGETED_DEVICE_FAMILY = "1,2";
			};
			name = Debug;
		};
		55A5D72A29B1D23E00DCA096 /* Release */ = {
			isa = XCBuildConfiguration;
			baseConfigurationReference = 7E66237D0C268E8EEFD172D0 /* Pods-PTChatGPT.release.xcconfig */;
			buildSettings = {
				ASSETCATALOG_COMPILER_APPICON_NAME = AppIcon;
				ASSETCATALOG_COMPILER_GLOBAL_ACCENT_COLOR_NAME = AccentColor;
				ASSETCATALOG_COMPILER_INCLUDE_ALL_APPICON_ASSETS = NO;
				CODE_SIGN_ENTITLEMENTS = PTChatGPT/PTChatGPT.entitlements;
				CODE_SIGN_STYLE = Automatic;
				CURRENT_PROJECT_VERSION = 1;
				DEVELOPMENT_TEAM = SFU2CNYFPC;
				"EXCLUDED_ARCHS[sdk=iphonesimulator*]" = arm64;
				GENERATE_INFOPLIST_FILE = NO;
				INFOPLIST_FILE = PTChatGPT/Info.plist;
				INFOPLIST_KEY_LSApplicationCategoryType = "public.app-category.utilities";
				INFOPLIST_KEY_NSMicrophoneUsageDescription = "我要用Mic";
				INFOPLIST_KEY_NSSpeechRecognitionUsageDescription = "我要用語音";
				INFOPLIST_KEY_UIApplicationSupportsIndirectInputEvents = YES;
				INFOPLIST_KEY_UILaunchScreen_Generation = YES;
				INFOPLIST_KEY_UILaunchStoryboardName = LaunchScreen;
				INFOPLIST_KEY_UIMainStoryboardFile = Main;
				INFOPLIST_KEY_UISupportedInterfaceOrientations_iPad = "UIInterfaceOrientationPortrait UIInterfaceOrientationPortraitUpsideDown UIInterfaceOrientationLandscapeLeft UIInterfaceOrientationLandscapeRight";
				INFOPLIST_KEY_UISupportedInterfaceOrientations_iPhone = "UIInterfaceOrientationPortrait UIInterfaceOrientationLandscapeLeft UIInterfaceOrientationLandscapeRight";
				IPHONEOS_DEPLOYMENT_TARGET = 15.0;
				LD_RUNPATH_SEARCH_PATHS = (
					"$(inherited)",
					"@executable_path/Frameworks",
				);
				MARKETING_VERSION = 1.0.9;
				PRODUCT_BUNDLE_IDENTIFIER = com.zola.chat;
				PRODUCT_NAME = "Chat走啦";
				SUPPORTED_PLATFORMS = "iphoneos iphonesimulator";
				SUPPORTS_MACCATALYST = NO;
				SUPPORTS_MAC_DESIGNED_FOR_IPHONE_IPAD = YES;
				SWIFT_EMIT_LOC_STRINGS = YES;
				SWIFT_VERSION = 5.0;
				TARGETED_DEVICE_FAMILY = "1,2";
			};
			name = Release;
		};
/* End XCBuildConfiguration section */

/* Begin XCConfigurationList section */
		55A5D70F29B1D23D00DCA096 /* Build configuration list for PBXProject "PTChatGPT" */ = {
			isa = XCConfigurationList;
			buildConfigurations = (
				55A5D72629B1D23E00DCA096 /* Debug */,
				55A5D72729B1D23E00DCA096 /* Release */,
			);
			defaultConfigurationIsVisible = 0;
			defaultConfigurationName = Release;
		};
		55A5D72829B1D23E00DCA096 /* Build configuration list for PBXNativeTarget "PTChatGPT" */ = {
			isa = XCConfigurationList;
			buildConfigurations = (
				55A5D72929B1D23E00DCA096 /* Debug */,
				55A5D72A29B1D23E00DCA096 /* Release */,
			);
			defaultConfigurationIsVisible = 0;
			defaultConfigurationName = Release;
		};
/* End XCConfigurationList section */

/* Begin XCRemoteSwiftPackageReference section */
		5503C51429CB273A00B00BE1 /* XCRemoteSwiftPackageReference "MessageKit" */ = {
			isa = XCRemoteSwiftPackageReference;
			repositoryURL = "https://github.com/MessageKit/MessageKit";
			requirement = {
				kind = upToNextMajorVersion;
				minimumVersion = 4.0.0;
			};
		};
		552A609429D7EACF00239210 /* XCRemoteSwiftPackageReference "OSSSpeechKit" */ = {
			isa = XCRemoteSwiftPackageReference;
			repositoryURL = "https://github.com/crazypoo/OSSSpeechKit";
			requirement = {
				branch = master;
				kind = branch;
			};
		};
		552B41C829D14A5200065892 /* XCRemoteSwiftPackageReference "appstoreconnect-swift-sdk" */ = {
			isa = XCRemoteSwiftPackageReference;
			repositoryURL = "https://github.com/AvdLee/appstoreconnect-swift-sdk";
			requirement = {
				kind = upToNextMajorVersion;
				minimumVersion = 2.3.0;
			};
		};
		55833D2E29E13C2F004B754D /* XCRemoteSwiftPackageReference "GradientProgressView" */ = {
			isa = XCRemoteSwiftPackageReference;
			repositoryURL = "https://github.com/moliya/GradientProgressView";
			requirement = {
				kind = upToNextMajorVersion;
				minimumVersion = 1.0.0;
			};
		};
/* End XCRemoteSwiftPackageReference section */

/* Begin XCSwiftPackageProductDependency section */
		5503C51529CB273A00B00BE1 /* MessageKit */ = {
			isa = XCSwiftPackageProductDependency;
			package = 5503C51429CB273A00B00BE1 /* XCRemoteSwiftPackageReference "MessageKit" */;
			productName = MessageKit;
		};
		552A609529D7EACF00239210 /* OSSSpeechKit */ = {
			isa = XCSwiftPackageProductDependency;
			package = 552A609429D7EACF00239210 /* XCRemoteSwiftPackageReference "OSSSpeechKit" */;
			productName = OSSSpeechKit;
		};
		552B41C929D14A5200065892 /* AppStoreConnect-Swift-SDK */ = {
			isa = XCSwiftPackageProductDependency;
			package = 552B41C829D14A5200065892 /* XCRemoteSwiftPackageReference "appstoreconnect-swift-sdk" */;
			productName = "AppStoreConnect-Swift-SDK";
		};
		55833D2F29E13C2F004B754D /* GradientProgressView */ = {
			isa = XCSwiftPackageProductDependency;
			package = 55833D2E29E13C2F004B754D /* XCRemoteSwiftPackageReference "GradientProgressView" */;
			productName = GradientProgressView;
		};
/* End XCSwiftPackageProductDependency section */
	};
	rootObject = 55A5D70C29B1D23D00DCA096 /* Project object */;
}
