// !$*UTF8*$!
{
	archiveVersion = 1;
	classes = {
	};
	objectVersion = 56;
	objects = {

/* Begin PBXBuildFile section */
		5512AB7029B43D520059D840 /* OSSSpeech.swift in Sources */ = {isa = PBXBuildFile; fileRef = 5512AB6729B43D520059D840 /* OSSSpeech.swift */; };
		5512AB7229B43D520059D840 /* OSSUtterance.swift in Sources */ = {isa = PBXBuildFile; fileRef = 5512AB6929B43D520059D840 /* OSSUtterance.swift */; };
		5512AB7329B43D520059D840 /* OSSVoice.swift in Sources */ = {isa = PBXBuildFile; fileRef = 5512AB6A29B43D520059D840 /* OSSVoice.swift */; };
		5512AB7429B43D520059D840 /* OSSSpeechUtility.swift in Sources */ = {isa = PBXBuildFile; fileRef = 5512AB6B29B43D520059D840 /* OSSSpeechUtility.swift */; };
		5512AB7529B43D520059D840 /* .gitkeep in Resources */ = {isa = PBXBuildFile; fileRef = 5512AB6D29B43D520059D840 /* .gitkeep */; };
		5512AB7629B43D520059D840 /* Localizable.strings in Resources */ = {isa = PBXBuildFile; fileRef = 5512AB6E29B43D520059D840 /* Localizable.strings */; };
		5512AB7729B43D520059D840 /* Images.xcassets in Resources */ = {isa = PBXBuildFile; fileRef = 5512AB6F29B43D520059D840 /* Images.xcassets */; };
		5512AB7C29B470310059D840 /* PTAudioPlayer.swift in Sources */ = {isa = PBXBuildFile; fileRef = 5512AB7B29B470310059D840 /* PTAudioPlayer.swift */; };
		5514B37129B9CBFD00890161 /* PTChatCustomCell.swift in Sources */ = {isa = PBXBuildFile; fileRef = 5514B37029B9CBFD00890161 /* PTChatCustomCell.swift */; };
		5514B37429B9D50D00890161 /* PTChatModel.swift in Sources */ = {isa = PBXBuildFile; fileRef = 5514B37329B9D50D00890161 /* PTChatModel.swift */; };
		5514B37629B9F5AC00890161 /* PTAppConfig.swift in Sources */ = {isa = PBXBuildFile; fileRef = 5514B37529B9F5AC00890161 /* PTAppConfig.swift */; };
		5514B37829B9F87C00890161 /* PTSettingListViewController.swift in Sources */ = {isa = PBXBuildFile; fileRef = 5514B37729B9F87C00890161 /* PTSettingListViewController.swift */; };
		5514B37A29BA02E300890161 /* PTChatBaseViewController.swift in Sources */ = {isa = PBXBuildFile; fileRef = 5514B37929BA02E300890161 /* PTChatBaseViewController.swift */; };
		5514B37D29BA102400890161 /* PTSettingHeader.swift in Sources */ = {isa = PBXBuildFile; fileRef = 5514B37C29BA102400890161 /* PTSettingHeader.swift */; };
		5514B38029BA112A00890161 /* PTSettingModels.swift in Sources */ = {isa = PBXBuildFile; fileRef = 5514B37F29BA112A00890161 /* PTSettingModels.swift */; };
		5514B38229BA14C400890161 /* PTColorSettingViewController.swift in Sources */ = {isa = PBXBuildFile; fileRef = 5514B38129BA14C400890161 /* PTColorSettingViewController.swift */; };
		5514B38429BA233A00890161 /* PTSaveChatViewController.swift in Sources */ = {isa = PBXBuildFile; fileRef = 5514B38329BA233A00890161 /* PTSaveChatViewController.swift */; };
		5514B38729BAE76E00890161 /* PTShareItem.swift in Sources */ = {isa = PBXBuildFile; fileRef = 5514B38629BAE76D00890161 /* PTShareItem.swift */; };
		5514B38929BAE7E400890161 /* SwipeCellOption.swift in Sources */ = {isa = PBXBuildFile; fileRef = 5514B38829BAE7E400890161 /* SwipeCellOption.swift */; };
		5514B38B29BAF5E900890161 /* PTNavController.swift in Sources */ = {isa = PBXBuildFile; fileRef = 5514B38A29BAF5E900890161 /* PTNavController.swift */; };
		5514B38D29BAFA6A00890161 /* PTDisclaimerViewController.swift in Sources */ = {isa = PBXBuildFile; fileRef = 5514B38C29BAFA6A00890161 /* PTDisclaimerViewController.swift */; };
		5514B39229BB013000890161 /* SettingCustomViewCell.swift in Sources */ = {isa = PBXBuildFile; fileRef = 5514B38E29BB012F00890161 /* SettingCustomViewCell.swift */; };
		5514B39329BB013000890161 /* PTDarkModeHeadView.swift in Sources */ = {isa = PBXBuildFile; fileRef = 5514B38F29BB012F00890161 /* PTDarkModeHeadView.swift */; };
		5514B39429BB013000890161 /* DescriptionCustomViewCell.swift in Sources */ = {isa = PBXBuildFile; fileRef = 5514B39029BB013000890161 /* DescriptionCustomViewCell.swift */; };
		5514B39529BB013000890161 /* DarkModePickerView.swift in Sources */ = {isa = PBXBuildFile; fileRef = 5514B39129BB013000890161 /* DarkModePickerView.swift */; };
		5514B39729BB013600890161 /* PTDarkModeSettingViewController.swift in Sources */ = {isa = PBXBuildFile; fileRef = 5514B39629BB013600890161 /* PTDarkModeSettingViewController.swift */; };
		5514B39929BB024D00890161 /* HSNavControl.swift in Sources */ = {isa = PBXBuildFile; fileRef = 5514B39829BB024D00890161 /* HSNavControl.swift */; };
		5514B39C29BB127F00890161 /* Localizable.strings in Resources */ = {isa = PBXBuildFile; fileRef = 5514B39E29BB127F00890161 /* Localizable.strings */; };
		55A5D71829B1D23D00DCA096 /* AppDelegate.swift in Sources */ = {isa = PBXBuildFile; fileRef = 55A5D71729B1D23D00DCA096 /* AppDelegate.swift */; };
		55A5D71F29B1D23D00DCA096 /* Main.storyboard in Resources */ = {isa = PBXBuildFile; fileRef = 55A5D71D29B1D23D00DCA096 /* Main.storyboard */; };
		55A5D72129B1D23E00DCA096 /* Assets.xcassets in Resources */ = {isa = PBXBuildFile; fileRef = 55A5D72029B1D23E00DCA096 /* Assets.xcassets */; };
		55A5D72429B1D23E00DCA096 /* LaunchScreen.storyboard in Resources */ = {isa = PBXBuildFile; fileRef = 55A5D72229B1D23E00DCA096 /* LaunchScreen.storyboard */; };
		55A5D7EE29B1D9A900DCA096 /* OpenAIModelType.swift in Sources */ = {isa = PBXBuildFile; fileRef = 55A5D7E829B1D9A900DCA096 /* OpenAIModelType.swift */; };
		55A5D7EF29B1D9A900DCA096 /* OpenAI.swift in Sources */ = {isa = PBXBuildFile; fileRef = 55A5D7E929B1D9A900DCA096 /* OpenAI.swift */; };
		55A5D7F029B1D9A900DCA096 /* Instruction.swift in Sources */ = {isa = PBXBuildFile; fileRef = 55A5D7EA29B1D9A900DCA096 /* Instruction.swift */; };
		55A5D7F129B1D9A900DCA096 /* Command.swift in Sources */ = {isa = PBXBuildFile; fileRef = 55A5D7EB29B1D9A900DCA096 /* Command.swift */; };
		55A5D7F229B1D9A900DCA096 /* OpenAIEndpoint.swift in Sources */ = {isa = PBXBuildFile; fileRef = 55A5D7EC29B1D9A900DCA096 /* OpenAIEndpoint.swift */; };
		55A5D7F329B1D9A900DCA096 /* OpenAISwift.swift in Sources */ = {isa = PBXBuildFile; fileRef = 55A5D7ED29B1D9A900DCA096 /* OpenAISwift.swift */; };
		55A5D7F729B1DFF200DCA096 /* PTChatViewController.swift in Sources */ = {isa = PBXBuildFile; fileRef = 55A5D7F629B1DFF200DCA096 /* PTChatViewController.swift */; };
		55A5D7FC29B1E41400DCA096 /* PTChatUser.swift in Sources */ = {isa = PBXBuildFile; fileRef = 55A5D7FB29B1E41400DCA096 /* PTChatUser.swift */; };
		55A5D7FE29B1EEF400DCA096 /* PTChatData.swift in Sources */ = {isa = PBXBuildFile; fileRef = 55A5D7FD29B1EEF400DCA096 /* PTChatData.swift */; };
		55A5D80129B1F29800DCA096 /* PTMessageModel.swift in Sources */ = {isa = PBXBuildFile; fileRef = 55A5D80029B1F29800DCA096 /* PTMessageModel.swift */; };
		55A5D80629B242CF00DCA096 /* PTSettingViewController.swift in Sources */ = {isa = PBXBuildFile; fileRef = 55A5D80529B242CF00DCA096 /* PTSettingViewController.swift */; };
		EC91DE097C54ED7562DD3DCA /* Pods_PTChatGPT.framework in Frameworks */ = {isa = PBXBuildFile; fileRef = 372877C61B4F76BA38F0C55D /* Pods_PTChatGPT.framework */; };
/* End PBXBuildFile section */

/* Begin PBXFileReference section */
		372877C61B4F76BA38F0C55D /* Pods_PTChatGPT.framework */ = {isa = PBXFileReference; explicitFileType = wrapper.framework; includeInIndex = 0; path = Pods_PTChatGPT.framework; sourceTree = BUILT_PRODUCTS_DIR; };
		5512AB6729B43D520059D840 /* OSSSpeech.swift */ = {isa = PBXFileReference; fileEncoding = 4; lastKnownFileType = sourcecode.swift; path = OSSSpeech.swift; sourceTree = "<group>"; };
		5512AB6929B43D520059D840 /* OSSUtterance.swift */ = {isa = PBXFileReference; fileEncoding = 4; lastKnownFileType = sourcecode.swift; path = OSSUtterance.swift; sourceTree = "<group>"; };
		5512AB6A29B43D520059D840 /* OSSVoice.swift */ = {isa = PBXFileReference; fileEncoding = 4; lastKnownFileType = sourcecode.swift; path = OSSVoice.swift; sourceTree = "<group>"; };
		5512AB6B29B43D520059D840 /* OSSSpeechUtility.swift */ = {isa = PBXFileReference; fileEncoding = 4; lastKnownFileType = sourcecode.swift; path = OSSSpeechUtility.swift; sourceTree = "<group>"; };
		5512AB6D29B43D520059D840 /* .gitkeep */ = {isa = PBXFileReference; fileEncoding = 4; lastKnownFileType = text; path = .gitkeep; sourceTree = "<group>"; };
		5512AB6E29B43D520059D840 /* Localizable.strings */ = {isa = PBXFileReference; fileEncoding = 4; lastKnownFileType = text.plist.strings; path = Localizable.strings; sourceTree = "<group>"; };
		5512AB6F29B43D520059D840 /* Images.xcassets */ = {isa = PBXFileReference; lastKnownFileType = folder.assetcatalog; path = Images.xcassets; sourceTree = "<group>"; };
		5512AB7B29B470310059D840 /* PTAudioPlayer.swift */ = {isa = PBXFileReference; lastKnownFileType = sourcecode.swift; path = PTAudioPlayer.swift; sourceTree = "<group>"; };
		5514B37029B9CBFD00890161 /* PTChatCustomCell.swift */ = {isa = PBXFileReference; lastKnownFileType = sourcecode.swift; path = PTChatCustomCell.swift; sourceTree = "<group>"; };
		5514B37329B9D50D00890161 /* PTChatModel.swift */ = {isa = PBXFileReference; lastKnownFileType = sourcecode.swift; path = PTChatModel.swift; sourceTree = "<group>"; };
		5514B37529B9F5AC00890161 /* PTAppConfig.swift */ = {isa = PBXFileReference; lastKnownFileType = sourcecode.swift; path = PTAppConfig.swift; sourceTree = "<group>"; };
		5514B37729B9F87C00890161 /* PTSettingListViewController.swift */ = {isa = PBXFileReference; lastKnownFileType = sourcecode.swift; path = PTSettingListViewController.swift; sourceTree = "<group>"; };
		5514B37929BA02E300890161 /* PTChatBaseViewController.swift */ = {isa = PBXFileReference; lastKnownFileType = sourcecode.swift; path = PTChatBaseViewController.swift; sourceTree = "<group>"; };
		5514B37C29BA102400890161 /* PTSettingHeader.swift */ = {isa = PBXFileReference; lastKnownFileType = sourcecode.swift; path = PTSettingHeader.swift; sourceTree = "<group>"; };
		5514B37F29BA112A00890161 /* PTSettingModels.swift */ = {isa = PBXFileReference; lastKnownFileType = sourcecode.swift; path = PTSettingModels.swift; sourceTree = "<group>"; };
		5514B38129BA14C400890161 /* PTColorSettingViewController.swift */ = {isa = PBXFileReference; lastKnownFileType = sourcecode.swift; path = PTColorSettingViewController.swift; sourceTree = "<group>"; };
		5514B38329BA233A00890161 /* PTSaveChatViewController.swift */ = {isa = PBXFileReference; lastKnownFileType = sourcecode.swift; path = PTSaveChatViewController.swift; sourceTree = "<group>"; };
		5514B38629BAE76D00890161 /* PTShareItem.swift */ = {isa = PBXFileReference; fileEncoding = 4; lastKnownFileType = sourcecode.swift; path = PTShareItem.swift; sourceTree = "<group>"; };
		5514B38829BAE7E400890161 /* SwipeCellOption.swift */ = {isa = PBXFileReference; fileEncoding = 4; lastKnownFileType = sourcecode.swift; path = SwipeCellOption.swift; sourceTree = "<group>"; };
		5514B38A29BAF5E900890161 /* PTNavController.swift */ = {isa = PBXFileReference; fileEncoding = 4; lastKnownFileType = sourcecode.swift; path = PTNavController.swift; sourceTree = "<group>"; };
		5514B38C29BAFA6A00890161 /* PTDisclaimerViewController.swift */ = {isa = PBXFileReference; lastKnownFileType = sourcecode.swift; path = PTDisclaimerViewController.swift; sourceTree = "<group>"; };
		5514B38E29BB012F00890161 /* SettingCustomViewCell.swift */ = {isa = PBXFileReference; fileEncoding = 4; lastKnownFileType = sourcecode.swift; path = SettingCustomViewCell.swift; sourceTree = "<group>"; };
		5514B38F29BB012F00890161 /* PTDarkModeHeadView.swift */ = {isa = PBXFileReference; fileEncoding = 4; lastKnownFileType = sourcecode.swift; path = PTDarkModeHeadView.swift; sourceTree = "<group>"; };
		5514B39029BB013000890161 /* DescriptionCustomViewCell.swift */ = {isa = PBXFileReference; fileEncoding = 4; lastKnownFileType = sourcecode.swift; path = DescriptionCustomViewCell.swift; sourceTree = "<group>"; };
		5514B39129BB013000890161 /* DarkModePickerView.swift */ = {isa = PBXFileReference; fileEncoding = 4; lastKnownFileType = sourcecode.swift; path = DarkModePickerView.swift; sourceTree = "<group>"; };
		5514B39629BB013600890161 /* PTDarkModeSettingViewController.swift */ = {isa = PBXFileReference; fileEncoding = 4; lastKnownFileType = sourcecode.swift; path = PTDarkModeSettingViewController.swift; sourceTree = "<group>"; };
		5514B39829BB024D00890161 /* HSNavControl.swift */ = {isa = PBXFileReference; fileEncoding = 4; lastKnownFileType = sourcecode.swift; path = HSNavControl.swift; sourceTree = "<group>"; };
		5514B3A429BB136900890161 /* en */ = {isa = PBXFileReference; lastKnownFileType = text.plist.strings; name = en; path = en.lproj/Main.strings; sourceTree = "<group>"; };
		5514B3A529BB136900890161 /* en */ = {isa = PBXFileReference; lastKnownFileType = text.plist.strings; name = en; path = en.lproj/LaunchScreen.strings; sourceTree = "<group>"; };
		5514B3A629BB136900890161 /* en */ = {isa = PBXFileReference; lastKnownFileType = text.plist.strings; name = en; path = en.lproj/Localizable.strings; sourceTree = "<group>"; };
		5514B3A729BB137100890161 /* zh-HK */ = {isa = PBXFileReference; lastKnownFileType = text.plist.strings; name = "zh-HK"; path = "zh-HK.lproj/Main.strings"; sourceTree = "<group>"; };
		5514B3A829BB137100890161 /* zh-HK */ = {isa = PBXFileReference; lastKnownFileType = text.plist.strings; name = "zh-HK"; path = "zh-HK.lproj/LaunchScreen.strings"; sourceTree = "<group>"; };
		5514B3A929BB137100890161 /* zh-HK */ = {isa = PBXFileReference; lastKnownFileType = text.plist.strings; name = "zh-HK"; path = "zh-HK.lproj/Localizable.strings"; sourceTree = "<group>"; };
		5514B3AA29BB138100890161 /* zh-Hans */ = {isa = PBXFileReference; lastKnownFileType = text.plist.strings; name = "zh-Hans"; path = "zh-Hans.lproj/Main.strings"; sourceTree = "<group>"; };
		5514B3AB29BB138100890161 /* zh-Hans */ = {isa = PBXFileReference; lastKnownFileType = text.plist.strings; name = "zh-Hans"; path = "zh-Hans.lproj/LaunchScreen.strings"; sourceTree = "<group>"; };
		5514B3AC29BB138100890161 /* zh-Hans */ = {isa = PBXFileReference; lastKnownFileType = text.plist.strings; name = "zh-Hans"; path = "zh-Hans.lproj/Localizable.strings"; sourceTree = "<group>"; };
		5514B3AD29BB139800890161 /* es */ = {isa = PBXFileReference; lastKnownFileType = text.plist.strings; name = es; path = es.lproj/Main.strings; sourceTree = "<group>"; };
		5514B3AE29BB139800890161 /* es */ = {isa = PBXFileReference; lastKnownFileType = text.plist.strings; name = es; path = es.lproj/LaunchScreen.strings; sourceTree = "<group>"; };
		5514B3AF29BB139800890161 /* es */ = {isa = PBXFileReference; lastKnownFileType = text.plist.strings; name = es; path = es.lproj/Localizable.strings; sourceTree = "<group>"; };
		55A5D71429B1D23D00DCA096 /* Chat走啦.app */ = {isa = PBXFileReference; explicitFileType = wrapper.application; includeInIndex = 0; path = "Chat走啦.app"; sourceTree = BUILT_PRODUCTS_DIR; };
		55A5D71729B1D23D00DCA096 /* AppDelegate.swift */ = {isa = PBXFileReference; lastKnownFileType = sourcecode.swift; path = AppDelegate.swift; sourceTree = "<group>"; };
		55A5D71E29B1D23D00DCA096 /* Base */ = {isa = PBXFileReference; lastKnownFileType = file.storyboard; name = Base; path = Base.lproj/Main.storyboard; sourceTree = "<group>"; };
		55A5D72029B1D23E00DCA096 /* Assets.xcassets */ = {isa = PBXFileReference; lastKnownFileType = folder.assetcatalog; path = Assets.xcassets; sourceTree = "<group>"; };
		55A5D72329B1D23E00DCA096 /* Base */ = {isa = PBXFileReference; lastKnownFileType = file.storyboard; name = Base; path = Base.lproj/LaunchScreen.storyboard; sourceTree = "<group>"; };
		55A5D72529B1D23E00DCA096 /* Info.plist */ = {isa = PBXFileReference; lastKnownFileType = text.plist.xml; path = Info.plist; sourceTree = "<group>"; };
		55A5D7E829B1D9A900DCA096 /* OpenAIModelType.swift */ = {isa = PBXFileReference; fileEncoding = 4; lastKnownFileType = sourcecode.swift; path = OpenAIModelType.swift; sourceTree = "<group>"; };
		55A5D7E929B1D9A900DCA096 /* OpenAI.swift */ = {isa = PBXFileReference; fileEncoding = 4; lastKnownFileType = sourcecode.swift; path = OpenAI.swift; sourceTree = "<group>"; };
		55A5D7EA29B1D9A900DCA096 /* Instruction.swift */ = {isa = PBXFileReference; fileEncoding = 4; lastKnownFileType = sourcecode.swift; path = Instruction.swift; sourceTree = "<group>"; };
		55A5D7EB29B1D9A900DCA096 /* Command.swift */ = {isa = PBXFileReference; fileEncoding = 4; lastKnownFileType = sourcecode.swift; path = Command.swift; sourceTree = "<group>"; };
		55A5D7EC29B1D9A900DCA096 /* OpenAIEndpoint.swift */ = {isa = PBXFileReference; fileEncoding = 4; lastKnownFileType = sourcecode.swift; path = OpenAIEndpoint.swift; sourceTree = "<group>"; };
		55A5D7ED29B1D9A900DCA096 /* OpenAISwift.swift */ = {isa = PBXFileReference; fileEncoding = 4; lastKnownFileType = sourcecode.swift; path = OpenAISwift.swift; sourceTree = "<group>"; };
		55A5D7F629B1DFF200DCA096 /* PTChatViewController.swift */ = {isa = PBXFileReference; lastKnownFileType = sourcecode.swift; path = PTChatViewController.swift; sourceTree = "<group>"; };
		55A5D7FB29B1E41400DCA096 /* PTChatUser.swift */ = {isa = PBXFileReference; lastKnownFileType = sourcecode.swift; path = PTChatUser.swift; sourceTree = "<group>"; };
		55A5D7FD29B1EEF400DCA096 /* PTChatData.swift */ = {isa = PBXFileReference; lastKnownFileType = sourcecode.swift; path = PTChatData.swift; sourceTree = "<group>"; };
		55A5D80029B1F29800DCA096 /* PTMessageModel.swift */ = {isa = PBXFileReference; lastKnownFileType = sourcecode.swift; path = PTMessageModel.swift; sourceTree = "<group>"; };
		55A5D80529B242CF00DCA096 /* PTSettingViewController.swift */ = {isa = PBXFileReference; lastKnownFileType = sourcecode.swift; path = PTSettingViewController.swift; sourceTree = "<group>"; };
		7E66237D0C268E8EEFD172D0 /* Pods-PTChatGPT.release.xcconfig */ = {isa = PBXFileReference; includeInIndex = 1; lastKnownFileType = text.xcconfig; name = "Pods-PTChatGPT.release.xcconfig"; path = "Target Support Files/Pods-PTChatGPT/Pods-PTChatGPT.release.xcconfig"; sourceTree = "<group>"; };
		E708929BECBB7DC383FA473B /* Pods-PTChatGPT.debug.xcconfig */ = {isa = PBXFileReference; includeInIndex = 1; lastKnownFileType = text.xcconfig; name = "Pods-PTChatGPT.debug.xcconfig"; path = "Target Support Files/Pods-PTChatGPT/Pods-PTChatGPT.debug.xcconfig"; sourceTree = "<group>"; };
/* End PBXFileReference section */

/* Begin PBXFrameworksBuildPhase section */
		55A5D71129B1D23D00DCA096 /* Frameworks */ = {
			isa = PBXFrameworksBuildPhase;
			buildActionMask = 2147483647;
			files = (
				EC91DE097C54ED7562DD3DCA /* Pods_PTChatGPT.framework in Frameworks */,
			);
			runOnlyForDeploymentPostprocessing = 0;
		};
/* End PBXFrameworksBuildPhase section */

/* Begin PBXGroup section */
		1EB95C271CA96D32EDFCC020 /* Frameworks */ = {
			isa = PBXGroup;
			children = (
				372877C61B4F76BA38F0C55D /* Pods_PTChatGPT.framework */,
			);
			name = Frameworks;
			sourceTree = "<group>";
		};
		5512AB6429B43C2E0059D840 /* 3Party */ = {
			isa = PBXGroup;
			children = (
				5512AB6529B43D520059D840 /* OSSSpeechKit */,
			);
			path = 3Party;
			sourceTree = "<group>";
		};
		5512AB6529B43D520059D840 /* OSSSpeechKit */ = {
			isa = PBXGroup;
			children = (
				5512AB6629B43D520059D840 /* Classes */,
				5512AB6C29B43D520059D840 /* Assets */,
			);
			path = OSSSpeechKit;
			sourceTree = "<group>";
		};
		5512AB6629B43D520059D840 /* Classes */ = {
			isa = PBXGroup;
			children = (
				5512AB6729B43D520059D840 /* OSSSpeech.swift */,
				5512AB6929B43D520059D840 /* OSSUtterance.swift */,
				5512AB6A29B43D520059D840 /* OSSVoice.swift */,
				5512AB6B29B43D520059D840 /* OSSSpeechUtility.swift */,
			);
			path = Classes;
			sourceTree = "<group>";
		};
		5512AB6C29B43D520059D840 /* Assets */ = {
			isa = PBXGroup;
			children = (
				5512AB6D29B43D520059D840 /* .gitkeep */,
				5512AB6E29B43D520059D840 /* Localizable.strings */,
				5512AB6F29B43D520059D840 /* Images.xcassets */,
			);
			path = Assets;
			sourceTree = "<group>";
		};
		5512AB7A29B470160059D840 /* Function */ = {
			isa = PBXGroup;
			children = (
				5512AB7B29B470310059D840 /* PTAudioPlayer.swift */,
			);
			path = Function;
			sourceTree = "<group>";
		};
		5514B36F29B9CBDD00890161 /* Views */ = {
			isa = PBXGroup;
			children = (
				5514B37029B9CBFD00890161 /* PTChatCustomCell.swift */,
			);
			path = Views;
			sourceTree = "<group>";
		};
		5514B37229B9D4E600890161 /* Models */ = {
			isa = PBXGroup;
			children = (
				5514B37329B9D50D00890161 /* PTChatModel.swift */,
			);
			path = Models;
			sourceTree = "<group>";
		};
		5514B37B29BA100A00890161 /* Views */ = {
			isa = PBXGroup;
			children = (
				5514B39129BB013000890161 /* DarkModePickerView.swift */,
				5514B39029BB013000890161 /* DescriptionCustomViewCell.swift */,
				5514B38F29BB012F00890161 /* PTDarkModeHeadView.swift */,
				5514B38E29BB012F00890161 /* SettingCustomViewCell.swift */,
				5514B37C29BA102400890161 /* PTSettingHeader.swift */,
			);
			path = Views;
			sourceTree = "<group>";
		};
		5514B37E29BA110D00890161 /* Models */ = {
			isa = PBXGroup;
			children = (
				5514B37F29BA112A00890161 /* PTSettingModels.swift */,
			);
			path = Models;
			sourceTree = "<group>";
		};
		5514B38529BAE76600890161 /* Tools */ = {
			isa = PBXGroup;
			children = (
				5514B38829BAE7E400890161 /* SwipeCellOption.swift */,
				5514B38629BAE76D00890161 /* PTShareItem.swift */,
			);
			path = Tools;
			sourceTree = "<group>";
		};
		55A5D70B29B1D23D00DCA096 = {
			isa = PBXGroup;
			children = (
				55A5D71629B1D23D00DCA096 /* PTChatGPT */,
				55A5D71529B1D23D00DCA096 /* Products */,
				98AAC1E7648563A53AAC739A /* Pods */,
				1EB95C271CA96D32EDFCC020 /* Frameworks */,
			);
			sourceTree = "<group>";
		};
		55A5D71529B1D23D00DCA096 /* Products */ = {
			isa = PBXGroup;
			children = (
				55A5D71429B1D23D00DCA096 /* Chat走啦.app */,
			);
			name = Products;
			sourceTree = "<group>";
		};
		55A5D71629B1D23D00DCA096 /* PTChatGPT */ = {
			isa = PBXGroup;
			children = (
				5514B38529BAE76600890161 /* Tools */,
				5512AB6429B43C2E0059D840 /* 3Party */,
				55A5D80329B2429300DCA096 /* SettingInfo */,
				55A5D7F429B1DFCD00DCA096 /* Chat */,
				55A5D7FF29B1EFA000DCA096 /* Base */,
				55A5D7E629B1D9A900DCA096 /* OpenAISwift */,
				55A5D71729B1D23D00DCA096 /* AppDelegate.swift */,
				55A5D71D29B1D23D00DCA096 /* Main.storyboard */,
				55A5D72029B1D23E00DCA096 /* Assets.xcassets */,
				55A5D72229B1D23E00DCA096 /* LaunchScreen.storyboard */,
				55A5D72529B1D23E00DCA096 /* Info.plist */,
				5514B39E29BB127F00890161 /* Localizable.strings */,
			);
			path = PTChatGPT;
			sourceTree = "<group>";
		};
		55A5D7E629B1D9A900DCA096 /* OpenAISwift */ = {
			isa = PBXGroup;
			children = (
				55A5D7E729B1D9A900DCA096 /* Models */,
				55A5D7EC29B1D9A900DCA096 /* OpenAIEndpoint.swift */,
				55A5D7ED29B1D9A900DCA096 /* OpenAISwift.swift */,
			);
			path = OpenAISwift;
			sourceTree = "<group>";
		};
		55A5D7E729B1D9A900DCA096 /* Models */ = {
			isa = PBXGroup;
			children = (
				55A5D7E829B1D9A900DCA096 /* OpenAIModelType.swift */,
				55A5D7E929B1D9A900DCA096 /* OpenAI.swift */,
				55A5D7EA29B1D9A900DCA096 /* Instruction.swift */,
				55A5D7EB29B1D9A900DCA096 /* Command.swift */,
			);
			path = Models;
			sourceTree = "<group>";
		};
		55A5D7F429B1DFCD00DCA096 /* Chat */ = {
			isa = PBXGroup;
			children = (
				5514B37229B9D4E600890161 /* Models */,
				5514B36F29B9CBDD00890161 /* Views */,
				5512AB7A29B470160059D840 /* Function */,
				55A5D7F529B1DFD500DCA096 /* ViewController */,
			);
			path = Chat;
			sourceTree = "<group>";
		};
		55A5D7F529B1DFD500DCA096 /* ViewController */ = {
			isa = PBXGroup;
			children = (
				55A5D7F629B1DFF200DCA096 /* PTChatViewController.swift */,
			);
			path = ViewController;
			sourceTree = "<group>";
		};
		55A5D7FF29B1EFA000DCA096 /* Base */ = {
			isa = PBXGroup;
			children = (
				5514B39829BB024D00890161 /* HSNavControl.swift */,
				5514B38A29BAF5E900890161 /* PTNavController.swift */,
				55A5D7FB29B1E41400DCA096 /* PTChatUser.swift */,
				55A5D7FD29B1EEF400DCA096 /* PTChatData.swift */,
				55A5D80029B1F29800DCA096 /* PTMessageModel.swift */,
				5514B37529B9F5AC00890161 /* PTAppConfig.swift */,
				5514B37929BA02E300890161 /* PTChatBaseViewController.swift */,
			);
			path = Base;
			sourceTree = "<group>";
		};
		55A5D80329B2429300DCA096 /* SettingInfo */ = {
			isa = PBXGroup;
			children = (
				5514B37E29BA110D00890161 /* Models */,
				5514B37B29BA100A00890161 /* Views */,
				55A5D80429B242B400DCA096 /* ViewController */,
			);
			path = SettingInfo;
			sourceTree = "<group>";
		};
		55A5D80429B242B400DCA096 /* ViewController */ = {
			isa = PBXGroup;
			children = (
				5514B39629BB013600890161 /* PTDarkModeSettingViewController.swift */,
				55A5D80529B242CF00DCA096 /* PTSettingViewController.swift */,
				5514B37729B9F87C00890161 /* PTSettingListViewController.swift */,
				5514B38129BA14C400890161 /* PTColorSettingViewController.swift */,
				5514B38329BA233A00890161 /* PTSaveChatViewController.swift */,
				5514B38C29BAFA6A00890161 /* PTDisclaimerViewController.swift */,
			);
			path = ViewController;
			sourceTree = "<group>";
		};
		98AAC1E7648563A53AAC739A /* Pods */ = {
			isa = PBXGroup;
			children = (
				E708929BECBB7DC383FA473B /* Pods-PTChatGPT.debug.xcconfig */,
				7E66237D0C268E8EEFD172D0 /* Pods-PTChatGPT.release.xcconfig */,
			);
			path = Pods;
			sourceTree = "<group>";
		};
/* End PBXGroup section */

/* Begin PBXNativeTarget section */
		55A5D71329B1D23D00DCA096 /* PTChatGPT */ = {
			isa = PBXNativeTarget;
			buildConfigurationList = 55A5D72829B1D23E00DCA096 /* Build configuration list for PBXNativeTarget "PTChatGPT" */;
			buildPhases = (
				04CD76A81526D2DE8584A9A2 /* [CP] Check Pods Manifest.lock */,
				55A5D71029B1D23D00DCA096 /* Sources */,
				55A5D71129B1D23D00DCA096 /* Frameworks */,
				55A5D71229B1D23D00DCA096 /* Resources */,
				84ECCE16EC8C5340A0C59EA8 /* [CP] Embed Pods Frameworks */,
			);
			buildRules = (
			);
			dependencies = (
			);
			name = PTChatGPT;
			productName = PTChatGPT;
			productReference = 55A5D71429B1D23D00DCA096 /* Chat走啦.app */;
			productType = "com.apple.product-type.application";
		};
/* End PBXNativeTarget section */

/* Begin PBXProject section */
		55A5D70C29B1D23D00DCA096 /* Project object */ = {
			isa = PBXProject;
			attributes = {
				BuildIndependentTargetsInParallel = 1;
				CLASSPREFIX = PT;
				LastSwiftUpdateCheck = 1430;
				LastUpgradeCheck = 1430;
				ORGANIZATIONNAME = SexyBoy;
				TargetAttributes = {
					55A5D71329B1D23D00DCA096 = {
						CreatedOnToolsVersion = 14.3;
					};
				};
			};
			buildConfigurationList = 55A5D70F29B1D23D00DCA096 /* Build configuration list for PBXProject "PTChatGPT" */;
			compatibilityVersion = "Xcode 14.0";
			developmentRegion = "zh-HK";
			hasScannedForEncodings = 0;
			knownRegions = (
				Base,
				en,
				"zh-HK",
				"zh-Hans",
				es,
			);
			mainGroup = 55A5D70B29B1D23D00DCA096;
			productRefGroup = 55A5D71529B1D23D00DCA096 /* Products */;
			projectDirPath = "";
			projectRoot = "";
			targets = (
				55A5D71329B1D23D00DCA096 /* PTChatGPT */,
			);
		};
/* End PBXProject section */

/* Begin PBXResourcesBuildPhase section */
		55A5D71229B1D23D00DCA096 /* Resources */ = {
			isa = PBXResourcesBuildPhase;
			buildActionMask = 2147483647;
			files = (
				55A5D72429B1D23E00DCA096 /* LaunchScreen.storyboard in Resources */,
				5512AB7629B43D520059D840 /* Localizable.strings in Resources */,
				5512AB7729B43D520059D840 /* Images.xcassets in Resources */,
				5514B39C29BB127F00890161 /* Localizable.strings in Resources */,
				55A5D72129B1D23E00DCA096 /* Assets.xcassets in Resources */,
				5512AB7529B43D520059D840 /* .gitkeep in Resources */,
				55A5D71F29B1D23D00DCA096 /* Main.storyboard in Resources */,
			);
			runOnlyForDeploymentPostprocessing = 0;
		};
/* End PBXResourcesBuildPhase section */

/* Begin PBXShellScriptBuildPhase section */
		04CD76A81526D2DE8584A9A2 /* [CP] Check Pods Manifest.lock */ = {
			isa = PBXShellScriptBuildPhase;
			buildActionMask = 2147483647;
			files = (
			);
			inputFileListPaths = (
			);
			inputPaths = (
				"${PODS_PODFILE_DIR_PATH}/Podfile.lock",
				"${PODS_ROOT}/Manifest.lock",
			);
			name = "[CP] Check Pods Manifest.lock";
			outputFileListPaths = (
			);
			outputPaths = (
				"$(DERIVED_FILE_DIR)/Pods-PTChatGPT-checkManifestLockResult.txt",
			);
			runOnlyForDeploymentPostprocessing = 0;
			shellPath = /bin/sh;
			shellScript = "diff \"${PODS_PODFILE_DIR_PATH}/Podfile.lock\" \"${PODS_ROOT}/Manifest.lock\" > /dev/null\nif [ $? != 0 ] ; then\n    # print error to STDERR\n    echo \"error: The sandbox is not in sync with the Podfile.lock. Run 'pod install' or update your CocoaPods installation.\" >&2\n    exit 1\nfi\n# This output is used by Xcode 'outputs' to avoid re-running this script phase.\necho \"SUCCESS\" > \"${SCRIPT_OUTPUT_FILE_0}\"\n";
			showEnvVarsInLog = 0;
		};
		84ECCE16EC8C5340A0C59EA8 /* [CP] Embed Pods Frameworks */ = {
			isa = PBXShellScriptBuildPhase;
			buildActionMask = 2147483647;
			files = (
			);
			inputFileListPaths = (
				"${PODS_ROOT}/Target Support Files/Pods-PTChatGPT/Pods-PTChatGPT-frameworks-${CONFIGURATION}-input-files.xcfilelist",
			);
			name = "[CP] Embed Pods Frameworks";
			outputFileListPaths = (
				"${PODS_ROOT}/Target Support Files/Pods-PTChatGPT/Pods-PTChatGPT-frameworks-${CONFIGURATION}-output-files.xcfilelist",
			);
			runOnlyForDeploymentPostprocessing = 0;
			shellPath = /bin/sh;
			shellScript = "\"${PODS_ROOT}/Target Support Files/Pods-PTChatGPT/Pods-PTChatGPT-frameworks.sh\"\n";
			showEnvVarsInLog = 0;
		};
/* End PBXShellScriptBuildPhase section */

/* Begin PBXSourcesBuildPhase section */
		55A5D71029B1D23D00DCA096 /* Sources */ = {
			isa = PBXSourcesBuildPhase;
			buildActionMask = 2147483647;
			files = (
				55A5D7F029B1D9A900DCA096 /* Instruction.swift in Sources */,
				5514B39529BB013000890161 /* DarkModePickerView.swift in Sources */,
				5512AB7229B43D520059D840 /* OSSUtterance.swift in Sources */,
				5512AB7429B43D520059D840 /* OSSSpeechUtility.swift in Sources */,
				5514B39729BB013600890161 /* PTDarkModeSettingViewController.swift in Sources */,
				5514B38429BA233A00890161 /* PTSaveChatViewController.swift in Sources */,
				5514B38B29BAF5E900890161 /* PTNavController.swift in Sources */,
				55A5D7F329B1D9A900DCA096 /* OpenAISwift.swift in Sources */,
				55A5D7F729B1DFF200DCA096 /* PTChatViewController.swift in Sources */,
				5514B38229BA14C400890161 /* PTColorSettingViewController.swift in Sources */,
				5514B39929BB024D00890161 /* HSNavControl.swift in Sources */,
				5514B37A29BA02E300890161 /* PTChatBaseViewController.swift in Sources */,
				55A5D7EF29B1D9A900DCA096 /* OpenAI.swift in Sources */,
				55A5D80629B242CF00DCA096 /* PTSettingViewController.swift in Sources */,
				5514B39429BB013000890161 /* DescriptionCustomViewCell.swift in Sources */,
				5514B39329BB013000890161 /* PTDarkModeHeadView.swift in Sources */,
				5514B37D29BA102400890161 /* PTSettingHeader.swift in Sources */,
				55A5D7FE29B1EEF400DCA096 /* PTChatData.swift in Sources */,
				55A5D71829B1D23D00DCA096 /* AppDelegate.swift in Sources */,
				5514B38729BAE76E00890161 /* PTShareItem.swift in Sources */,
				5514B39229BB013000890161 /* SettingCustomViewCell.swift in Sources */,
				5512AB7029B43D520059D840 /* OSSSpeech.swift in Sources */,
				55A5D7F229B1D9A900DCA096 /* OpenAIEndpoint.swift in Sources */,
				55A5D7F129B1D9A900DCA096 /* Command.swift in Sources */,
				5514B38929BAE7E400890161 /* SwipeCellOption.swift in Sources */,
				5514B38029BA112A00890161 /* PTSettingModels.swift in Sources */,
				5512AB7C29B470310059D840 /* PTAudioPlayer.swift in Sources */,
				5514B37429B9D50D00890161 /* PTChatModel.swift in Sources */,
				55A5D80129B1F29800DCA096 /* PTMessageModel.swift in Sources */,
				5514B37829B9F87C00890161 /* PTSettingListViewController.swift in Sources */,
				5514B37629B9F5AC00890161 /* PTAppConfig.swift in Sources */,
				5514B37129B9CBFD00890161 /* PTChatCustomCell.swift in Sources */,
				55A5D7EE29B1D9A900DCA096 /* OpenAIModelType.swift in Sources */,
				5512AB7329B43D520059D840 /* OSSVoice.swift in Sources */,
				5514B38D29BAFA6A00890161 /* PTDisclaimerViewController.swift in Sources */,
				55A5D7FC29B1E41400DCA096 /* PTChatUser.swift in Sources */,
			);
			runOnlyForDeploymentPostprocessing = 0;
		};
/* End PBXSourcesBuildPhase section */

/* Begin PBXVariantGroup section */
		5514B39E29BB127F00890161 /* Localizable.strings */ = {
			isa = PBXVariantGroup;
			children = (
				5514B3A629BB136900890161 /* en */,
				5514B3A929BB137100890161 /* zh-HK */,
				5514B3AC29BB138100890161 /* zh-Hans */,
				5514B3AF29BB139800890161 /* es */,
			);
			name = Localizable.strings;
			sourceTree = "<group>";
		};
		55A5D71D29B1D23D00DCA096 /* Main.storyboard */ = {
			isa = PBXVariantGroup;
			children = (
				55A5D71E29B1D23D00DCA096 /* Base */,
				5514B3A429BB136900890161 /* en */,
				5514B3A729BB137100890161 /* zh-HK */,
				5514B3AA29BB138100890161 /* zh-Hans */,
				5514B3AD29BB139800890161 /* es */,
			);
			name = Main.storyboard;
			sourceTree = "<group>";
		};
		55A5D72229B1D23E00DCA096 /* LaunchScreen.storyboard */ = {
			isa = PBXVariantGroup;
			children = (
				55A5D72329B1D23E00DCA096 /* Base */,
				5514B3A529BB136900890161 /* en */,
				5514B3A829BB137100890161 /* zh-HK */,
				5514B3AB29BB138100890161 /* zh-Hans */,
				5514B3AE29BB139800890161 /* es */,
			);
			name = LaunchScreen.storyboard;
			sourceTree = "<group>";
		};
/* End PBXVariantGroup section */

/* Begin XCBuildConfiguration section */
		55A5D72629B1D23E00DCA096 /* Debug */ = {
			isa = XCBuildConfiguration;
			buildSettings = {
				ALWAYS_SEARCH_USER_PATHS = NO;
				CLANG_ANALYZER_LOCALIZABILITY_NONLOCALIZED = YES;
				CLANG_ANALYZER_NONNULL = YES;
				CLANG_ANALYZER_NUMBER_OBJECT_CONVERSION = YES_AGGRESSIVE;
				CLANG_CXX_LANGUAGE_STANDARD = "gnu++20";
				CLANG_ENABLE_MODULES = YES;
				CLANG_ENABLE_OBJC_ARC = YES;
				CLANG_ENABLE_OBJC_WEAK = YES;
				CLANG_WARN_BLOCK_CAPTURE_AUTORELEASING = YES;
				CLANG_WARN_BOOL_CONVERSION = YES;
				CLANG_WARN_COMMA = YES;
				CLANG_WARN_CONSTANT_CONVERSION = YES;
				CLANG_WARN_DEPRECATED_OBJC_IMPLEMENTATIONS = YES;
				CLANG_WARN_DIRECT_OBJC_ISA_USAGE = YES_ERROR;
				CLANG_WARN_DOCUMENTATION_COMMENTS = YES;
				CLANG_WARN_EMPTY_BODY = YES;
				CLANG_WARN_ENUM_CONVERSION = YES;
				CLANG_WARN_INFINITE_RECURSION = YES;
				CLANG_WARN_INT_CONVERSION = YES;
				CLANG_WARN_NON_LITERAL_NULL_CONVERSION = YES;
				CLANG_WARN_OBJC_IMPLICIT_RETAIN_SELF = YES;
				CLANG_WARN_OBJC_LITERAL_CONVERSION = YES;
				CLANG_WARN_OBJC_ROOT_CLASS = YES_ERROR;
				CLANG_WARN_QUOTED_INCLUDE_IN_FRAMEWORK_HEADER = YES;
				CLANG_WARN_RANGE_LOOP_ANALYSIS = YES;
				CLANG_WARN_STRICT_PROTOTYPES = YES;
				CLANG_WARN_SUSPICIOUS_MOVE = YES;
				CLANG_WARN_UNGUARDED_AVAILABILITY = YES_AGGRESSIVE;
				CLANG_WARN_UNREACHABLE_CODE = YES;
				CLANG_WARN__DUPLICATE_METHOD_MATCH = YES;
				COPY_PHASE_STRIP = NO;
				DEBUG_INFORMATION_FORMAT = dwarf;
				ENABLE_STRICT_OBJC_MSGSEND = YES;
				ENABLE_TESTABILITY = YES;
				GCC_C_LANGUAGE_STANDARD = gnu11;
				GCC_DYNAMIC_NO_PIC = NO;
				GCC_NO_COMMON_BLOCKS = YES;
				GCC_OPTIMIZATION_LEVEL = 0;
				GCC_PREPROCESSOR_DEFINITIONS = (
					"DEBUG=1",
					"$(inherited)",
				);
				GCC_WARN_64_TO_32_BIT_CONVERSION = YES;
				GCC_WARN_ABOUT_RETURN_TYPE = YES_ERROR;
				GCC_WARN_UNDECLARED_SELECTOR = YES;
				GCC_WARN_UNINITIALIZED_AUTOS = YES_AGGRESSIVE;
				GCC_WARN_UNUSED_FUNCTION = YES;
				GCC_WARN_UNUSED_VARIABLE = YES;
				IPHONEOS_DEPLOYMENT_TARGET = 13.0;
				MTL_ENABLE_DEBUG_INFO = INCLUDE_SOURCE;
				MTL_FAST_MATH = YES;
				ONLY_ACTIVE_ARCH = YES;
				SDKROOT = iphoneos;
				SWIFT_ACTIVE_COMPILATION_CONDITIONS = DEBUG;
				SWIFT_OPTIMIZATION_LEVEL = "-Onone";
			};
			name = Debug;
		};
		55A5D72729B1D23E00DCA096 /* Release */ = {
			isa = XCBuildConfiguration;
			buildSettings = {
				ALWAYS_SEARCH_USER_PATHS = NO;
				CLANG_ANALYZER_LOCALIZABILITY_NONLOCALIZED = YES;
				CLANG_ANALYZER_NONNULL = YES;
				CLANG_ANALYZER_NUMBER_OBJECT_CONVERSION = YES_AGGRESSIVE;
				CLANG_CXX_LANGUAGE_STANDARD = "gnu++20";
				CLANG_ENABLE_MODULES = YES;
				CLANG_ENABLE_OBJC_ARC = YES;
				CLANG_ENABLE_OBJC_WEAK = YES;
				CLANG_WARN_BLOCK_CAPTURE_AUTORELEASING = YES;
				CLANG_WARN_BOOL_CONVERSION = YES;
				CLANG_WARN_COMMA = YES;
				CLANG_WARN_CONSTANT_CONVERSION = YES;
				CLANG_WARN_DEPRECATED_OBJC_IMPLEMENTATIONS = YES;
				CLANG_WARN_DIRECT_OBJC_ISA_USAGE = YES_ERROR;
				CLANG_WARN_DOCUMENTATION_COMMENTS = YES;
				CLANG_WARN_EMPTY_BODY = YES;
				CLANG_WARN_ENUM_CONVERSION = YES;
				CLANG_WARN_INFINITE_RECURSION = YES;
				CLANG_WARN_INT_CONVERSION = YES;
				CLANG_WARN_NON_LITERAL_NULL_CONVERSION = YES;
				CLANG_WARN_OBJC_IMPLICIT_RETAIN_SELF = YES;
				CLANG_WARN_OBJC_LITERAL_CONVERSION = YES;
				CLANG_WARN_OBJC_ROOT_CLASS = YES_ERROR;
				CLANG_WARN_QUOTED_INCLUDE_IN_FRAMEWORK_HEADER = YES;
				CLANG_WARN_RANGE_LOOP_ANALYSIS = YES;
				CLANG_WARN_STRICT_PROTOTYPES = YES;
				CLANG_WARN_SUSPICIOUS_MOVE = YES;
				CLANG_WARN_UNGUARDED_AVAILABILITY = YES_AGGRESSIVE;
				CLANG_WARN_UNREACHABLE_CODE = YES;
				CLANG_WARN__DUPLICATE_METHOD_MATCH = YES;
				COPY_PHASE_STRIP = NO;
				DEBUG_INFORMATION_FORMAT = "dwarf-with-dsym";
				ENABLE_NS_ASSERTIONS = NO;
				ENABLE_STRICT_OBJC_MSGSEND = YES;
				GCC_C_LANGUAGE_STANDARD = gnu11;
				GCC_NO_COMMON_BLOCKS = YES;
				GCC_WARN_64_TO_32_BIT_CONVERSION = YES;
				GCC_WARN_ABOUT_RETURN_TYPE = YES_ERROR;
				GCC_WARN_UNDECLARED_SELECTOR = YES;
				GCC_WARN_UNINITIALIZED_AUTOS = YES_AGGRESSIVE;
				GCC_WARN_UNUSED_FUNCTION = YES;
				GCC_WARN_UNUSED_VARIABLE = YES;
				IPHONEOS_DEPLOYMENT_TARGET = 13.0;
				MTL_ENABLE_DEBUG_INFO = NO;
				MTL_FAST_MATH = YES;
				SDKROOT = iphoneos;
				SWIFT_COMPILATION_MODE = wholemodule;
				SWIFT_OPTIMIZATION_LEVEL = "-O";
				VALIDATE_PRODUCT = YES;
			};
			name = Release;
		};
		55A5D72929B1D23E00DCA096 /* Debug */ = {
			isa = XCBuildConfiguration;
			baseConfigurationReference = E708929BECBB7DC383FA473B /* Pods-PTChatGPT.debug.xcconfig */;
			buildSettings = {
				ASSETCATALOG_COMPILER_APPICON_NAME = AppIcon;
				ASSETCATALOG_COMPILER_GLOBAL_ACCENT_COLOR_NAME = AccentColor;
				CODE_SIGN_STYLE = Automatic;
				CURRENT_PROJECT_VERSION = 1;
				DEVELOPMENT_TEAM = SFU2CNYFPC;
				GENERATE_INFOPLIST_FILE = NO;
				INFOPLIST_FILE = PTChatGPT/Info.plist;
				INFOPLIST_KEY_LSApplicationCategoryType = "public.app-category.lifestyle";
				INFOPLIST_KEY_NSMicrophoneUsageDescription = "我要用Mic";
				INFOPLIST_KEY_NSSpeechRecognitionUsageDescription = "我要用語音";
				INFOPLIST_KEY_UIApplicationSupportsIndirectInputEvents = YES;
				INFOPLIST_KEY_UILaunchScreen_Generation = YES;
				INFOPLIST_KEY_UILaunchStoryboardName = LaunchScreen;
				INFOPLIST_KEY_UIMainStoryboardFile = Main;
				INFOPLIST_KEY_UISupportedInterfaceOrientations_iPad = "UIInterfaceOrientationPortrait UIInterfaceOrientationPortraitUpsideDown UIInterfaceOrientationLandscapeLeft UIInterfaceOrientationLandscapeRight";
				INFOPLIST_KEY_UISupportedInterfaceOrientations_iPhone = "UIInterfaceOrientationPortrait UIInterfaceOrientationLandscapeLeft UIInterfaceOrientationLandscapeRight";
				IPHONEOS_DEPLOYMENT_TARGET = 13.0;
				LD_RUNPATH_SEARCH_PATHS = (
					"$(inherited)",
					"@executable_path/Frameworks",
				);
				MARKETING_VERSION = 1.0;
				PRODUCT_BUNDLE_IDENTIFIER = com.zola.chat;
				PRODUCT_NAME = "Chat走啦";
				SWIFT_EMIT_LOC_STRINGS = YES;
				SWIFT_VERSION = 5.0;
				TARGETED_DEVICE_FAMILY = "1,2";
			};
			name = Debug;
		};
		55A5D72A29B1D23E00DCA096 /* Release */ = {
			isa = XCBuildConfiguration;
			baseConfigurationReference = 7E66237D0C268E8EEFD172D0 /* Pods-PTChatGPT.release.xcconfig */;
			buildSettings = {
				ASSETCATALOG_COMPILER_APPICON_NAME = AppIcon;
				ASSETCATALOG_COMPILER_GLOBAL_ACCENT_COLOR_NAME = AccentColor;
				CODE_SIGN_STYLE = Automatic;
				CURRENT_PROJECT_VERSION = 1;
				DEVELOPMENT_TEAM = SFU2CNYFPC;
				GENERATE_INFOPLIST_FILE = NO;
				INFOPLIST_FILE = PTChatGPT/Info.plist;
				INFOPLIST_KEY_LSApplicationCategoryType = "public.app-category.lifestyle";
				INFOPLIST_KEY_NSMicrophoneUsageDescription = "我要用Mic";
				INFOPLIST_KEY_NSSpeechRecognitionUsageDescription = "我要用語音";
				INFOPLIST_KEY_UIApplicationSupportsIndirectInputEvents = YES;
				INFOPLIST_KEY_UILaunchScreen_Generation = YES;
				INFOPLIST_KEY_UILaunchStoryboardName = LaunchScreen;
				INFOPLIST_KEY_UIMainStoryboardFile = Main;
				INFOPLIST_KEY_UISupportedInterfaceOrientations_iPad = "UIInterfaceOrientationPortrait UIInterfaceOrientationPortraitUpsideDown UIInterfaceOrientationLandscapeLeft UIInterfaceOrientationLandscapeRight";
				INFOPLIST_KEY_UISupportedInterfaceOrientations_iPhone = "UIInterfaceOrientationPortrait UIInterfaceOrientationLandscapeLeft UIInterfaceOrientationLandscapeRight";
				IPHONEOS_DEPLOYMENT_TARGET = 13.0;
				LD_RUNPATH_SEARCH_PATHS = (
					"$(inherited)",
					"@executable_path/Frameworks",
				);
				MARKETING_VERSION = 1.0;
				PRODUCT_BUNDLE_IDENTIFIER = com.zola.chat;
				PRODUCT_NAME = "Chat走啦";
				SWIFT_EMIT_LOC_STRINGS = YES;
				SWIFT_VERSION = 5.0;
				TARGETED_DEVICE_FAMILY = "1,2";
			};
			name = Release;
		};
/* End XCBuildConfiguration section */

/* Begin XCConfigurationList section */
		55A5D70F29B1D23D00DCA096 /* Build configuration list for PBXProject "PTChatGPT" */ = {
			isa = XCConfigurationList;
			buildConfigurations = (
				55A5D72629B1D23E00DCA096 /* Debug */,
				55A5D72729B1D23E00DCA096 /* Release */,
			);
			defaultConfigurationIsVisible = 0;
			defaultConfigurationName = Release;
		};
		55A5D72829B1D23E00DCA096 /* Build configuration list for PBXNativeTarget "PTChatGPT" */ = {
			isa = XCConfigurationList;
			buildConfigurations = (
				55A5D72929B1D23E00DCA096 /* Debug */,
				55A5D72A29B1D23E00DCA096 /* Release */,
			);
			defaultConfigurationIsVisible = 0;
			defaultConfigurationName = Release;
		};
/* End XCConfigurationList section */
	};
	rootObject = 55A5D70C29B1D23D00DCA096 /* Project object */;
}
