{
  "pins" : [
    {
      "identity" : "appstoreconnect-swift-sdk",
      "kind" : "remoteSourceControl",
      "location" : "https://github.com/AvdLee/appstoreconnect-swift-sdk",
      "state" : {
        "revision" : "23d108de618a136e71bd53ad479439b80379e2ae",
        "version" : "2.3.0"
      }
    },
    {
      "identity" : "gradientprogressview",
      "kind" : "remoteSourceControl",
      "location" : "https://github.com/moliya/GradientProgressView",
      "state" : {
        "revision" : "751692d1c731618227a0017df98f1a3581ff8992",
        "version" : "1.5.0"
      }
    },
    {
      "identity" : "inputbaraccessoryview",
      "kind" : "remoteSourceControl",
      "location" : "https://github.com/nathantannar4/InputBarAccessoryView",
      "state" : {
        "revision" : "039a9cb3ae8c5bc4d39242a6aa688b88023633d3",
        "version" : "6.2.0"
      }
    },
    {
      "identity" : "messagekit",
      "kind" : "remoteSourceControl",
      "location" : "https://github.com/MessageKit/MessageKit",
      "state" : {
        "revision" : "14bfa7eb9f93267c3d7b8cdf58615bba27be672a",
        "version" : "4.1.1"
      }
    },
    {
      "identity" : "ossspeechkit",
      "kind" : "remoteSourceControl",
      "location" : "https://github.com/crazypoo/OSSSpeechKit",
      "state" : {
        "branch" : "master",
        "revision" : "114bf79025ecbf2662c5bf87b414a2fd6cca2ca3"
      }
    },
    {
      "identity" : "urlqueryencoder",
      "kind" : "remoteSourceControl",
      "location" : "https://github.com/CreateAPI/URLQueryEncoder.git",
      "state" : {
        "revision" : "4ce950479707ea109f229d7230ec074a133b15d7",
        "version" : "0.2.1"
      }
    }
  ],
  "version" : 2
}
